// !$*UTF8*$!
{
	archiveVersion = 1;
	classes = {
	};
	objectVersion = 46;
	objects = {

/* Begin PBXBuildFile section */
		63E139B01B5BD20500694937 /* AppDelegate.swift in Sources */ = {isa = PBXBuildFile; fileRef = 63E139AF1B5BD20500694937 /* AppDelegate.swift */; };
		63E139B21B5BD20500694937 /* Assets.xcassets in Resources */ = {isa = PBXBuildFile; fileRef = 63E139B11B5BD20500694937 /* Assets.xcassets */; };
		63E139B51B5BD20500694937 /* MainMenu.xib in Resources */ = {isa = PBXBuildFile; fileRef = 63E139B31B5BD20500694937 /* MainMenu.xib */; };
		63E139BF1B5BD39B00694937 /* MainWindowController.swift in Sources */ = {isa = PBXBuildFile; fileRef = 63E139BD1B5BD39B00694937 /* MainWindowController.swift */; };
		63E139C01B5BD39B00694937 /* MainWindowController.xib in Resources */ = {isa = PBXBuildFile; fileRef = 63E139BE1B5BD39B00694937 /* MainWindowController.xib */; };
/* End PBXBuildFile section */

/* Begin PBXFileReference section */
		63E139AC1B5BD20500694937 /* Thermostat.app */ = {isa = PBXFileReference; explicitFileType = wrapper.application; includeInIndex = 0; path = Thermostat.app; sourceTree = BUILT_PRODUCTS_DIR; };
		63E139AF1B5BD20500694937 /* AppDelegate.swift */ = {isa = PBXFileReference; lastKnownFileType = sourcecode.swift; path = AppDelegate.swift; sourceTree = "<group>"; };
		63E139B11B5BD20500694937 /* Assets.xcassets */ = {isa = PBXFileReference; lastKnownFileType = folder.assetcatalog; path = Assets.xcassets; sourceTree = "<group>"; };
		63E139B41B5BD20500694937 /* Base */ = {isa = PBXFileReference; lastKnownFileType = file.xib; name = Base; path = Base.lproj/MainMenu.xib; sourceTree = "<group>"; };
		63E139B61B5BD20500694937 /* Info.plist */ = {isa = PBXFileReference; lastKnownFileType = text.plist.xml; path = Info.plist; sourceTree = "<group>"; };
		63E139BC1B5BD23000694937 /* KVC.playground */ = {isa = PBXFileReference; lastKnownFileType = file.playground; path = KVC.playground; sourceTree = "<group>"; };
		63E139BD1B5BD39B00694937 /* MainWindowController.swift */ = {isa = PBXFileReference; fileEncoding = 4; lastKnownFileType = sourcecode.swift; path = MainWindowController.swift; sourceTree = "<group>"; };
		63E139BE1B5BD39B00694937 /* MainWindowController.xib */ = {isa = PBXFileReference; fileEncoding = 4; lastKnownFileType = file.xib; path = MainWindowController.xib; sourceTree = "<group>"; };
/* End PBXFileReference section */

/* Begin PBXFrameworksBuildPhase section */
		63E139A91B5BD20500694937 /* Frameworks */ = {
			isa = PBXFrameworksBuildPhase;
			buildActionMask = 2147483647;
			files = (
			);
			runOnlyForDeploymentPostprocessing = 0;
		};
/* End PBXFrameworksBuildPhase section */

/* Begin PBXGroup section */
		63E139A31B5BD20500694937 = {
			isa = PBXGroup;
			children = (
				63E139AE1B5BD20500694937 /* Thermostat */,
				63E139AD1B5BD20500694937 /* Products */,
			);
			sourceTree = "<group>";
		};
		63E139AD1B5BD20500694937 /* Products */ = {
			isa = PBXGroup;
			children = (
				63E139AC1B5BD20500694937 /* Thermostat.app */,
			);
			name = Products;
			sourceTree = "<group>";
		};
		63E139AE1B5BD20500694937 /* Thermostat */ = {
			isa = PBXGroup;
			children = (
				63E139AF1B5BD20500694937 /* AppDelegate.swift */,
				63E139BD1B5BD39B00694937 /* MainWindowController.swift */,
				63E139BE1B5BD39B00694937 /* MainWindowController.xib */,
				63E139BC1B5BD23000694937 /* KVC.playground */,
				63E139B11B5BD20500694937 /* Assets.xcassets */,
				63E139B31B5BD20500694937 /* MainMenu.xib */,
				63E139B61B5BD20500694937 /* Info.plist */,
			);
			name = Thermostat;
			path = KVC_KVO_Bindings;
			sourceTree = "<group>";
		};
/* End PBXGroup section */

/* Begin PBXNativeTarget section */
		63E139AB1B5BD20500694937 /* Thermostat */ = {
			isa = PBXNativeTarget;
			buildConfigurationList = 63E139B91B5BD20500694937 /* Build configuration list for PBXNativeTarget "Thermostat" */;
			buildPhases = (
				63E139A81B5BD20500694937 /* Sources */,
				63E139A91B5BD20500694937 /* Frameworks */,
				63E139AA1B5BD20500694937 /* Resources */,
			);
			buildRules = (
			);
			dependencies = (
			);
			name = Thermostat;
			productName = KVC_KVO_Bindings;
			productReference = 63E139AC1B5BD20500694937 /* Thermostat.app */;
			productType = "com.apple.product-type.application";
		};
/* End PBXNativeTarget section */

/* Begin PBXProject section */
		63E139A41B5BD20500694937 /* Project object */ = {
			isa = PBXProject;
			attributes = {
				LastUpgradeCheck = 0700;
				ORGANIZATIONNAME = GWesley;
				TargetAttributes = {
					63E139AB1B5BD20500694937 = {
						CreatedOnToolsVersion = 7.0;
					};
				};
			};
			buildConfigurationList = 63E139A71B5BD20500694937 /* Build configuration list for PBXProject "Thermostat" */;
			compatibilityVersion = "Xcode 3.2";
			developmentRegion = English;
			hasScannedForEncodings = 0;
			knownRegions = (
				en,
				Base,
			);
			mainGroup = 63E139A31B5BD20500694937;
			productRefGroup = 63E139AD1B5BD20500694937 /* Products */;
			projectDirPath = "";
			projectRoot = "";
			targets = (
				63E139AB1B5BD20500694937 /* Thermostat */,
			);
		};
/* End PBXProject section */

/* Begin PBXResourcesBuildPhase section */
		63E139AA1B5BD20500694937 /* Resources */ = {
			isa = PBXResourcesBuildPhase;
			buildActionMask = 2147483647;
			files = (
				63E139B21B5BD20500694937 /* Assets.xcassets in Resources */,
				63E139C01B5BD39B00694937 /* MainWindowController.xib in Resources */,
				63E139B51B5BD20500694937 /* MainMenu.xib in Resources */,
			);
			runOnlyForDeploymentPostprocessing = 0;
		};
/* End PBXResourcesBuildPhase section */

/* Begin PBXSourcesBuildPhase section */
		63E139A81B5BD20500694937 /* Sources */ = {
			isa = PBXSourcesBuildPhase;
			buildActionMask = 2147483647;
			files = (
				63E139BF1B5BD39B00694937 /* MainWindowController.swift in Sources */,
				63E139B01B5BD20500694937 /* AppDelegate.swift in Sources */,
			);
			runOnlyForDeploymentPostprocessing = 0;
		};
/* End PBXSourcesBuildPhase section */

/* Begin PBXVariantGroup section */
		63E139B31B5BD20500694937 /* MainMenu.xib */ = {
			isa = PBXVariantGroup;
			children = (
				63E139B41B5BD20500694937 /* Base */,
			);
			name = MainMenu.xib;
			sourceTree = "<group>";
		};
/* End PBXVariantGroup section */

/* Begin XCBuildConfiguration section */
		63E139B71B5BD20500694937 /* Debug */ = {
			isa = XCBuildConfiguration;
			buildSettings = {
				ALWAYS_SEARCH_USER_PATHS = NO;
				CLANG_CXX_LANGUAGE_STANDARD = "gnu++0x";
				CLANG_CXX_LIBRARY = "libc++";
				CLANG_ENABLE_MODULES = YES;
				CLANG_ENABLE_OBJC_ARC = YES;
				CLANG_WARN_BOOL_CONVERSION = YES;
				CLANG_WARN_CONSTANT_CONVERSION = YES;
				CLANG_WARN_DIRECT_OBJC_ISA_USAGE = YES_ERROR;
				CLANG_WARN_EMPTY_BODY = YES;
				CLANG_WARN_ENUM_CONVERSION = YES;
				CLANG_WARN_INT_CONVERSION = YES;
				CLANG_WARN_OBJC_ROOT_CLASS = YES_ERROR;
				CLANG_WARN_UNREACHABLE_CODE = YES;
				CLANG_WARN__DUPLICATE_METHOD_MATCH = YES;
				CODE_SIGN_IDENTITY = "-";
				COPY_PHASE_STRIP = NO;
				DEBUG_INFORMATION_FORMAT = dwarf;
				ENABLE_STRICT_OBJC_MSGSEND = YES;
				ENABLE_TESTABILITY = YES;
				GCC_C_LANGUAGE_STANDARD = gnu99;
				GCC_DYNAMIC_NO_PIC = NO;
				GCC_NO_COMMON_BLOCKS = YES;
				GCC_OPTIMIZATION_LEVEL = 0;
				GCC_PREPROCESSOR_DEFINITIONS = (
					"DEBUG=1",
					"$(inherited)",
				);
				GCC_WARN_64_TO_32_BIT_CONVERSION = YES;
				GCC_WARN_ABOUT_RETURN_TYPE = YES_ERROR;
				GCC_WARN_UNDECLARED_SELECTOR = YES;
				GCC_WARN_UNINITIALIZED_AUTOS = YES_AGGRESSIVE;
				GCC_WARN_UNUSED_FUNCTION = YES;
				GCC_WARN_UNUSED_VARIABLE = YES;
				MACOSX_DEPLOYMENT_TARGET = 10.10;
				MTL_ENABLE_DEBUG_INFO = YES;
				ONLY_ACTIVE_ARCH = YES;
				SDKROOT = macosx;
				SWIFT_OPTIMIZATION_LEVEL = "-Onone";
			};
			name = Debug;
		};
		63E139B81B5BD20500694937 /* Release */ = {
			isa = XCBuildConfiguration;
			buildSettings = {
				ALWAYS_SEARCH_USER_PATHS = NO;
				CLANG_CXX_LANGUAGE_STANDARD = "gnu++0x";
				CLANG_CXX_LIBRARY = "libc++";
				CLANG_ENABLE_MODULES = YES;
				CLANG_ENABLE_OBJC_ARC = YES;
				CLANG_WARN_BOOL_CONVERSION = YES;
				CLANG_WARN_CONSTANT_CONVERSION = YES;
				CLANG_WARN_DIRECT_OBJC_ISA_USAGE = YES_ERROR;
				CLANG_WARN_EMPTY_BODY = YES;
				CLANG_WARN_ENUM_CONVERSION = YES;
				CLANG_WARN_INT_CONVERSION = YES;
				CLANG_WARN_OBJC_ROOT_CLASS = YES_ERROR;
				CLANG_WARN_UNREACHABLE_CODE = YES;
				CLANG_WARN__DUPLICATE_METHOD_MATCH = YES;
				CODE_SIGN_IDENTITY = "-";
				COPY_PHASE_STRIP = NO;
				DEBUG_INFORMATION_FORMAT = "dwarf-with-dsym";
				ENABLE_NS_ASSERTIONS = NO;
				ENABLE_STRICT_OBJC_MSGSEND = YES;
				GCC_C_LANGUAGE_STANDARD = gnu99;
				GCC_NO_COMMON_BLOCKS = YES;
				GCC_WARN_64_TO_32_BIT_CONVERSION = YES;
				GCC_WARN_ABOUT_RETURN_TYPE = YES_ERROR;
				GCC_WARN_UNDECLARED_SELECTOR = YES;
				GCC_WARN_UNINITIALIZED_AUTOS = YES_AGGRESSIVE;
				GCC_WARN_UNUSED_FUNCTION = YES;
				GCC_WARN_UNUSED_VARIABLE = YES;
				MACOSX_DEPLOYMENT_TARGET = 10.10;
				MTL_ENABLE_DEBUG_INFO = NO;
				SDKROOT = macosx;
			};
			name = Release;
		};
		63E139BA1B5BD20500694937 /* Debug */ = {
			isa = XCBuildConfiguration;
			buildSettings = {
				ASSETCATALOG_COMPILER_APPICON_NAME = AppIcon;
				COMBINE_HIDPI_IMAGES = YES;
				INFOPLIST_FILE = KVC_KVO_Bindings/Info.plist;
				LD_RUNPATH_SEARCH_PATHS = "$(inherited) @executable_path/../Frameworks";
				PRODUCT_BUNDLE_IDENTIFIER = "com.gwesley.KVC-KVO-Bindings";
				PRODUCT_NAME = Thermostat;
			};
			name = Debug;
		};
		63E139BB1B5BD20500694937 /* Release */ = {
			isa = XCBuildConfiguration;
			buildSettings = {
				ASSETCATALOG_COMPILER_APPICON_NAME = AppIcon;
				COMBINE_HIDPI_IMAGES = YES;
				INFOPLIST_FILE = KVC_KVO_Bindings/Info.plist;
				LD_RUNPATH_SEARCH_PATHS = "$(inherited) @executable_path/../Frameworks";
				PRODUCT_BUNDLE_IDENTIFIER = "com.gwesley.KVC-KVO-Bindings";
				PRODUCT_NAME = Thermostat;
			};
			name = Release;
		};
/* End XCBuildConfiguration section */

/* Begin XCConfigurationList section */
		63E139A71B5BD20500694937 /* Build configuration list for PBXProject "Thermostat" */ = {
			isa = XCConfigurationList;
			buildConfigurations = (
				63E139B71B5BD20500694937 /* Debug */,
				63E139B81B5BD20500694937 /* Release */,
			);
			defaultConfigurationIsVisible = 0;
			defaultConfigurationName = Release;
		};
		63E139B91B5BD20500694937 /* Build configuration list for PBXNativeTarget "Thermostat" */ = {
			isa = XCConfigurationList;
			buildConfigurations = (
				63E139BA1B5BD20500694937 /* Debug */,
				63E139BB1B5BD20500694937 /* Release */,
			);
			defaultConfigurationIsVisible = 0;
		};
/* End XCConfigurationList section */
	};
	rootObject = 63E139A41B5BD20500694937 /* Project object */;
}
