// !$*UTF8*$!
{
	archiveVersion = 1;
	classes = {
	};
	objectVersion = 46;
	objects = {

/* Begin PBXBuildFile section */
		63B3BF4F1B5D42040011109F /* AppDelegate.swift in Sources */ = {isa = PBXBuildFile; fileRef = 63B3BF4E1B5D42040011109F /* AppDelegate.swift */; };
		63B3BF511B5D42040011109F /* Document.swift in Sources */ = {isa = PBXBuildFile; fileRef = 63B3BF501B5D42040011109F /* Document.swift */; };
		63B3BF541B5D42040011109F /* Document.xib in Resources */ = {isa = PBXBuildFile; fileRef = 63B3BF521B5D42040011109F /* Document.xib */; };
		63B3BF571B5D42040011109F /* Document.xcdatamodeld in Sources */ = {isa = PBXBuildFile; fileRef = 63B3BF551B5D42040011109F /* Document.xcdatamodeld */; };
		63B3BF591B5D42040011109F /* Assets.xcassets in Resources */ = {isa = PBXBuildFile; fileRef = 63B3BF581B5D42040011109F /* Assets.xcassets */; };
		63B3BF5C1B5D42040011109F /* MainMenu.xib in Resources */ = {isa = PBXBuildFile; fileRef = 63B3BF5A1B5D42040011109F /* MainMenu.xib */; };
		63B3BF641B5D55150011109F /* CarArrayController.swift in Sources */ = {isa = PBXBuildFile; fileRef = 63B3BF631B5D55150011109F /* CarArrayController.swift */; };
/* End PBXBuildFile section */

/* Begin PBXFileReference section */
		63B3BF4B1B5D42040011109F /* 6.CarLot.app */ = {isa = PBXFileReference; explicitFileType = wrapper.application; includeInIndex = 0; path = 6.CarLot.app; sourceTree = BUILT_PRODUCTS_DIR; };
		63B3BF4E1B5D42040011109F /* AppDelegate.swift */ = {isa = PBXFileReference; lastKnownFileType = sourcecode.swift; path = AppDelegate.swift; sourceTree = "<group>"; };
		63B3BF501B5D42040011109F /* Document.swift */ = {isa = PBXFileReference; lastKnownFileType = sourcecode.swift; path = Document.swift; sourceTree = "<group>"; };
		63B3BF531B5D42040011109F /* Base */ = {isa = PBXFileReference; lastKnownFileType = file.xib; name = Base; path = Base.lproj/Document.xib; sourceTree = "<group>"; };
		63B3BF561B5D42040011109F /* Document.xcdatamodel */ = {isa = PBXFileReference; lastKnownFileType = wrapper.xcdatamodel; path = Document.xcdatamodel; sourceTree = "<group>"; };
		63B3BF581B5D42040011109F /* Assets.xcassets */ = {isa = PBXFileReference; lastKnownFileType = folder.assetcatalog; path = Assets.xcassets; sourceTree = "<group>"; };
		63B3BF5B1B5D42040011109F /* Base */ = {isa = PBXFileReference; lastKnownFileType = file.xib; name = Base; path = Base.lproj/MainMenu.xib; sourceTree = "<group>"; };
		63B3BF5D1B5D42040011109F /* Info.plist */ = {isa = PBXFileReference; lastKnownFileType = text.plist.xml; path = Info.plist; sourceTree = "<group>"; };
		63B3BF631B5D55150011109F /* CarArrayController.swift */ = {isa = PBXFileReference; fileEncoding = 4; lastKnownFileType = sourcecode.swift; path = CarArrayController.swift; sourceTree = "<group>"; };
/* End PBXFileReference section */

/* Begin PBXFrameworksBuildPhase section */
		63B3BF481B5D42040011109F /* Frameworks */ = {
			isa = PBXFrameworksBuildPhase;
			buildActionMask = 2147483647;
			files = (
			);
			runOnlyForDeploymentPostprocessing = 0;
		};
/* End PBXFrameworksBuildPhase section */

/* Begin PBXGroup section */
		63B3BF421B5D42030011109F = {
			isa = PBXGroup;
			children = (
				63B3BF4D1B5D42040011109F /* CarLot */,
				63B3BF4C1B5D42040011109F /* Products */,
			);
			sourceTree = "<group>";
		};
		63B3BF4C1B5D42040011109F /* Products */ = {
			isa = PBXGroup;
			children = (
				63B3BF4B1B5D42040011109F /* 6.CarLot.app */,
			);
			name = Products;
			sourceTree = "<group>";
		};
		63B3BF4D1B5D42040011109F /* CarLot */ = {
			isa = PBXGroup;
			children = (
				63B3BF4E1B5D42040011109F /* AppDelegate.swift */,
				63B3BF501B5D42040011109F /* Document.swift */,
				63B3BF521B5D42040011109F /* Document.xib */,
				63B3BF631B5D55150011109F /* CarArrayController.swift */,
				63B3BF581B5D42040011109F /* Assets.xcassets */,
				63B3BF5A1B5D42040011109F /* MainMenu.xib */,
				63B3BF5D1B5D42040011109F /* Info.plist */,
				63B3BF551B5D42040011109F /* Document.xcdatamodeld */,
			);
			path = CarLot;
			sourceTree = "<group>";
		};
/* End PBXGroup section */

/* Begin PBXNativeTarget section */
		63B3BF4A1B5D42040011109F /* 6.CarLot */ = {
			isa = PBXNativeTarget;
			buildConfigurationList = 63B3BF601B5D42040011109F /* Build configuration list for PBXNativeTarget "6.CarLot" */;
			buildPhases = (
				63B3BF471B5D42040011109F /* Sources */,
				63B3BF481B5D42040011109F /* Frameworks */,
				63B3BF491B5D42040011109F /* Resources */,
			);
			buildRules = (
			);
			dependencies = (
			);
			name = 6.CarLot;
			productName = CarLot;
			productReference = 63B3BF4B1B5D42040011109F /* 6.CarLot.app */;
			productType = "com.apple.product-type.application";
		};
/* End PBXNativeTarget section */

/* Begin PBXProject section */
		63B3BF431B5D42030011109F /* Project object */ = {
			isa = PBXProject;
			attributes = {
				LastUpgradeCheck = 0700;
				ORGANIZATIONNAME = GWesley;
				TargetAttributes = {
					63B3BF4A1B5D42040011109F = {
						CreatedOnToolsVersion = 7.0;
					};
				};
			};
			buildConfigurationList = 63B3BF461B5D42030011109F /* Build configuration list for PBXProject "6.CarLot" */;
			compatibilityVersion = "Xcode 3.2";
			developmentRegion = English;
			hasScannedForEncodings = 0;
			knownRegions = (
				en,
				Base,
			);
			mainGroup = 63B3BF421B5D42030011109F;
			productRefGroup = 63B3BF4C1B5D42040011109F /* Products */;
			projectDirPath = "";
			projectRoot = "";
			targets = (
				63B3BF4A1B5D42040011109F /* 6.CarLot */,
			);
		};
/* End PBXProject section */

/* Begin PBXResourcesBuildPhase section */
		63B3BF491B5D42040011109F /* Resources */ = {
			isa = PBXResourcesBuildPhase;
			buildActionMask = 2147483647;
			files = (
				63B3BF591B5D42040011109F /* Assets.xcassets in Resources */,
				63B3BF541B5D42040011109F /* Document.xib in Resources */,
				63B3BF5C1B5D42040011109F /* MainMenu.xib in Resources */,
			);
			runOnlyForDeploymentPostprocessing = 0;
		};
/* End PBXResourcesBuildPhase section */

/* Begin PBXSourcesBuildPhase section */
		63B3BF471B5D42040011109F /* Sources */ = {
			isa = PBXSourcesBuildPhase;
			buildActionMask = 2147483647;
			files = (
				63B3BF641B5D55150011109F /* CarArrayController.swift in Sources */,
				63B3BF571B5D42040011109F /* Document.xcdatamodeld in Sources */,
				63B3BF511B5D42040011109F /* Document.swift in Sources */,
				63B3BF4F1B5D42040011109F /* AppDelegate.swift in Sources */,
			);
			runOnlyForDeploymentPostprocessing = 0;
		};
/* End PBXSourcesBuildPhase section */

/* Begin PBXVariantGroup section */
		63B3BF521B5D42040011109F /* Document.xib */ = {
			isa = PBXVariantGroup;
			children = (
				63B3BF531B5D42040011109F /* Base */,
			);
			name = Document.xib;
			sourceTree = "<group>";
		};
		63B3BF5A1B5D42040011109F /* MainMenu.xib */ = {
			isa = PBXVariantGroup;
			children = (
				63B3BF5B1B5D42040011109F /* Base */,
			);
			name = MainMenu.xib;
			sourceTree = "<group>";
		};
/* End PBXVariantGroup section */

/* Begin XCBuildConfiguration section */
		63B3BF5E1B5D42040011109F /* Debug */ = {
			isa = XCBuildConfiguration;
			buildSettings = {
				ALWAYS_SEARCH_USER_PATHS = NO;
				CLANG_CXX_LANGUAGE_STANDARD = "gnu++0x";
				CLANG_CXX_LIBRARY = "libc++";
				CLANG_ENABLE_MODULES = YES;
				CLANG_ENABLE_OBJC_ARC = YES;
				CLANG_WARN_BOOL_CONVERSION = YES;
				CLANG_WARN_CONSTANT_CONVERSION = YES;
				CLANG_WARN_DIRECT_OBJC_ISA_USAGE = YES_ERROR;
				CLANG_WARN_EMPTY_BODY = YES;
				CLANG_WARN_ENUM_CONVERSION = YES;
				CLANG_WARN_INT_CONVERSION = YES;
				CLANG_WARN_OBJC_ROOT_CLASS = YES_ERROR;
				CLANG_WARN_UNREACHABLE_CODE = YES;
				CLANG_WARN__DUPLICATE_METHOD_MATCH = YES;
				CODE_SIGN_IDENTITY = "-";
				COPY_PHASE_STRIP = NO;
				DEBUG_INFORMATION_FORMAT = dwarf;
				ENABLE_STRICT_OBJC_MSGSEND = YES;
				ENABLE_TESTABILITY = YES;
				GCC_C_LANGUAGE_STANDARD = gnu99;
				GCC_DYNAMIC_NO_PIC = NO;
				GCC_NO_COMMON_BLOCKS = YES;
				GCC_OPTIMIZATION_LEVEL = 0;
				GCC_PREPROCESSOR_DEFINITIONS = (
					"DEBUG=1",
					"$(inherited)",
				);
				GCC_WARN_64_TO_32_BIT_CONVERSION = YES;
				GCC_WARN_ABOUT_RETURN_TYPE = YES_ERROR;
				GCC_WARN_UNDECLARED_SELECTOR = YES;
				GCC_WARN_UNINITIALIZED_AUTOS = YES_AGGRESSIVE;
				GCC_WARN_UNUSED_FUNCTION = YES;
				GCC_WARN_UNUSED_VARIABLE = YES;
				MACOSX_DEPLOYMENT_TARGET = 10.10;
				MTL_ENABLE_DEBUG_INFO = YES;
				ONLY_ACTIVE_ARCH = YES;
				SDKROOT = macosx;
				SWIFT_OPTIMIZATION_LEVEL = "-Onone";
			};
			name = Debug;
		};
		63B3BF5F1B5D42040011109F /* Release */ = {
			isa = XCBuildConfiguration;
			buildSettings = {
				ALWAYS_SEARCH_USER_PATHS = NO;
				CLANG_CXX_LANGUAGE_STANDARD = "gnu++0x";
				CLANG_CXX_LIBRARY = "libc++";
				CLANG_ENABLE_MODULES = YES;
				CLANG_ENABLE_OBJC_ARC = YES;
				CLANG_WARN_BOOL_CONVERSION = YES;
				CLANG_WARN_CONSTANT_CONVERSION = YES;
				CLANG_WARN_DIRECT_OBJC_ISA_USAGE = YES_ERROR;
				CLANG_WARN_EMPTY_BODY = YES;
				CLANG_WARN_ENUM_CONVERSION = YES;
				CLANG_WARN_INT_CONVERSION = YES;
				CLANG_WARN_OBJC_ROOT_CLASS = YES_ERROR;
				CLANG_WARN_UNREACHABLE_CODE = YES;
				CLANG_WARN__DUPLICATE_METHOD_MATCH = YES;
				CODE_SIGN_IDENTITY = "-";
				COPY_PHASE_STRIP = NO;
				DEBUG_INFORMATION_FORMAT = "dwarf-with-dsym";
				ENABLE_NS_ASSERTIONS = NO;
				ENABLE_STRICT_OBJC_MSGSEND = YES;
				GCC_C_LANGUAGE_STANDARD = gnu99;
				GCC_NO_COMMON_BLOCKS = YES;
				GCC_WARN_64_TO_32_BIT_CONVERSION = YES;
				GCC_WARN_ABOUT_RETURN_TYPE = YES_ERROR;
				GCC_WARN_UNDECLARED_SELECTOR = YES;
				GCC_WARN_UNINITIALIZED_AUTOS = YES_AGGRESSIVE;
				GCC_WARN_UNUSED_FUNCTION = YES;
				GCC_WARN_UNUSED_VARIABLE = YES;
				MACOSX_DEPLOYMENT_TARGET = 10.10;
				MTL_ENABLE_DEBUG_INFO = NO;
				SDKROOT = macosx;
			};
			name = Release;
		};
		63B3BF611B5D42040011109F /* Debug */ = {
			isa = XCBuildConfiguration;
			buildSettings = {
				ASSETCATALOG_COMPILER_APPICON_NAME = AppIcon;
				COMBINE_HIDPI_IMAGES = YES;
				INFOPLIST_FILE = CarLot/Info.plist;
				LD_RUNPATH_SEARCH_PATHS = "$(inherited) @executable_path/../Frameworks";
				PRODUCT_BUNDLE_IDENTIFIER = com.gwesley.CarLot;
				PRODUCT_NAME = 6.CarLot;
			};
			name = Debug;
		};
		63B3BF621B5D42040011109F /* Release */ = {
			isa = XCBuildConfiguration;
			buildSettings = {
				ASSETCATALOG_COMPILER_APPICON_NAME = AppIcon;
				COMBINE_HIDPI_IMAGES = YES;
				INFOPLIST_FILE = CarLot/Info.plist;
				LD_RUNPATH_SEARCH_PATHS = "$(inherited) @executable_path/../Frameworks";
				PRODUCT_BUNDLE_IDENTIFIER = com.gwesley.CarLot;
				PRODUCT_NAME = 6.CarLot;
			};
			name = Release;
		};
/* End XCBuildConfiguration section */

/* Begin XCConfigurationList section */
		63B3BF461B5D42030011109F /* Build configuration list for PBXProject "6.CarLot" */ = {
			isa = XCConfigurationList;
			buildConfigurations = (
				63B3BF5E1B5D42040011109F /* Debug */,
				63B3BF5F1B5D42040011109F /* Release */,
			);
			defaultConfigurationIsVisible = 0;
			defaultConfigurationName = Release;
		};
		63B3BF601B5D42040011109F /* Build configuration list for PBXNativeTarget "6.CarLot" */ = {
			isa = XCConfigurationList;
			buildConfigurations = (
				63B3BF611B5D42040011109F /* Debug */,
				63B3BF621B5D42040011109F /* Release */,
			);
			defaultConfigurationIsVisible = 0;
			defaultConfigurationName = Release;
		};
/* End XCConfigurationList section */

/* Begin XCVersionGroup section */
		63B3BF551B5D42040011109F /* Document.xcdatamodeld */ = {
			isa = XCVersionGroup;
			children = (
				63B3BF561B5D42040011109F /* Document.xcdatamodel */,
			);
			currentVersion = 63B3BF561B5D42040011109F /* Document.xcdatamodel */;
			path = Document.xcdatamodeld;
			sourceTree = "<group>";
			versionGroupType = wrapper.xcdatamodel;
		};
/* End XCVersionGroup section */
	};
	rootObject = 63B3BF431B5D42030011109F /* Project object */;
}
