// !$*UTF8*$!
{
	archiveVersion = 1;
	classes = {
	};
	objectVersion = 46;
	objects = {

/* Begin PBXBuildFile section */
		63F725DF1B5A42CB00489C2A /* AppDelegate.swift in Sources */ = {isa = PBXBuildFile; fileRef = 63F725DE1B5A42CB00489C2A /* AppDelegate.swift */; };
		63F725E11B5A42CB00489C2A /* Assets.xcassets in Resources */ = {isa = PBXBuildFile; fileRef = 63F725E01B5A42CB00489C2A /* Assets.xcassets */; };
		63F725E41B5A42CB00489C2A /* MainMenu.xib in Resources */ = {isa = PBXBuildFile; fileRef = 63F725E21B5A42CB00489C2A /* MainMenu.xib */; };
		63F725ED1B5A431700489C2A /* MainWindowController.swift in Sources */ = {isa = PBXBuildFile; fileRef = 63F725EB1B5A431700489C2A /* MainWindowController.swift */; };
		63F725EE1B5A431700489C2A /* MainWindowController.xib in Resources */ = {isa = PBXBuildFile; fileRef = 63F725EC1B5A431700489C2A /* MainWindowController.xib */; };
		63F725F01B5A4E1100489C2A /* GeneratePassword.swift in Sources */ = {isa = PBXBuildFile; fileRef = 63F725EF1B5A4E1100489C2A /* GeneratePassword.swift */; };
/* End PBXBuildFile section */

/* Begin PBXFileReference section */
		63F725DB1B5A42CB00489C2A /* 1.RandomPassword.app */ = {isa = PBXFileReference; explicitFileType = wrapper.application; includeInIndex = 0; path = 1.RandomPassword.app; sourceTree = BUILT_PRODUCTS_DIR; };
		63F725DE1B5A42CB00489C2A /* AppDelegate.swift */ = {isa = PBXFileReference; lastKnownFileType = sourcecode.swift; path = AppDelegate.swift; sourceTree = "<group>"; };
		63F725E01B5A42CB00489C2A /* Assets.xcassets */ = {isa = PBXFileReference; lastKnownFileType = folder.assetcatalog; path = Assets.xcassets; sourceTree = "<group>"; };
		63F725E31B5A42CB00489C2A /* Base */ = {isa = PBXFileReference; lastKnownFileType = file.xib; name = Base; path = Base.lproj/MainMenu.xib; sourceTree = "<group>"; };
		63F725E51B5A42CB00489C2A /* Info.plist */ = {isa = PBXFileReference; lastKnownFileType = text.plist.xml; path = Info.plist; sourceTree = "<group>"; };
		63F725EB1B5A431700489C2A /* MainWindowController.swift */ = {isa = PBXFileReference; fileEncoding = 4; lastKnownFileType = sourcecode.swift; path = MainWindowController.swift; sourceTree = "<group>"; };
		63F725EC1B5A431700489C2A /* MainWindowController.xib */ = {isa = PBXFileReference; fileEncoding = 4; lastKnownFileType = file.xib; path = MainWindowController.xib; sourceTree = "<group>"; };
		63F725EF1B5A4E1100489C2A /* GeneratePassword.swift */ = {isa = PBXFileReference; fileEncoding = 4; lastKnownFileType = sourcecode.swift; path = GeneratePassword.swift; sourceTree = "<group>"; };
/* End PBXFileReference section */

/* Begin PBXFrameworksBuildPhase section */
		63F725D81B5A42CB00489C2A /* Frameworks */ = {
			isa = PBXFrameworksBuildPhase;
			buildActionMask = 2147483647;
			files = (
			);
			runOnlyForDeploymentPostprocessing = 0;
		};
/* End PBXFrameworksBuildPhase section */

/* Begin PBXGroup section */
		63F725D21B5A42CB00489C2A = {
			isa = PBXGroup;
			children = (
				63F725DD1B5A42CB00489C2A /* RandomPassword */,
				63F725DC1B5A42CB00489C2A /* Products */,
			);
			sourceTree = "<group>";
		};
		63F725DC1B5A42CB00489C2A /* Products */ = {
			isa = PBXGroup;
			children = (
				63F725DB1B5A42CB00489C2A /* 1.RandomPassword.app */,
			);
			name = Products;
			sourceTree = "<group>";
		};
		63F725DD1B5A42CB00489C2A /* RandomPassword */ = {
			isa = PBXGroup;
			children = (
				63F725DE1B5A42CB00489C2A /* AppDelegate.swift */,
				63F725EB1B5A431700489C2A /* MainWindowController.swift */,
				63F725EC1B5A431700489C2A /* MainWindowController.xib */,
				63F725EF1B5A4E1100489C2A /* GeneratePassword.swift */,
				63F725E01B5A42CB00489C2A /* Assets.xcassets */,
				63F725E21B5A42CB00489C2A /* MainMenu.xib */,
				63F725E51B5A42CB00489C2A /* Info.plist */,
			);
			path = RandomPassword;
			sourceTree = "<group>";
		};
/* End PBXGroup section */

/* Begin PBXNativeTarget section */
		63F725DA1B5A42CB00489C2A /* 1.RandomPassword */ = {
			isa = PBXNativeTarget;
			buildConfigurationList = 63F725E81B5A42CB00489C2A /* Build configuration list for PBXNativeTarget "1.RandomPassword" */;
			buildPhases = (
				63F725D71B5A42CB00489C2A /* Sources */,
				63F725D81B5A42CB00489C2A /* Frameworks */,
				63F725D91B5A42CB00489C2A /* Resources */,
			);
			buildRules = (
			);
			dependencies = (
			);
			name = 1.RandomPassword;
			productName = RandomPassword;
			productReference = 63F725DB1B5A42CB00489C2A /* 1.RandomPassword.app */;
			productType = "com.apple.product-type.application";
		};
/* End PBXNativeTarget section */

/* Begin PBXProject section */
		63F725D31B5A42CB00489C2A /* Project object */ = {
			isa = PBXProject;
			attributes = {
				LastUpgradeCheck = 0700;
				ORGANIZATIONNAME = GWesley;
				TargetAttributes = {
					63F725DA1B5A42CB00489C2A = {
						CreatedOnToolsVersion = 7.0;
					};
				};
			};
			buildConfigurationList = 63F725D61B5A42CB00489C2A /* Build configuration list for PBXProject "1.RandomPassword" */;
			compatibilityVersion = "Xcode 3.2";
			developmentRegion = English;
			hasScannedForEncodings = 0;
			knownRegions = (
				en,
				Base,
			);
			mainGroup = 63F725D21B5A42CB00489C2A;
			productRefGroup = 63F725DC1B5A42CB00489C2A /* Products */;
			projectDirPath = "";
			projectRoot = "";
			targets = (
				63F725DA1B5A42CB00489C2A /* 1.RandomPassword */,
			);
		};
/* End PBXProject section */

/* Begin PBXResourcesBuildPhase section */
		63F725D91B5A42CB00489C2A /* Resources */ = {
			isa = PBXResourcesBuildPhase;
			buildActionMask = 2147483647;
			files = (
				63F725E11B5A42CB00489C2A /* Assets.xcassets in Resources */,
				63F725EE1B5A431700489C2A /* MainWindowController.xib in Resources */,
				63F725E41B5A42CB00489C2A /* MainMenu.xib in Resources */,
			);
			runOnlyForDeploymentPostprocessing = 0;
		};
/* End PBXResourcesBuildPhase section */

/* Begin PBXSourcesBuildPhase section */
		63F725D71B5A42CB00489C2A /* Sources */ = {
			isa = PBXSourcesBuildPhase;
			buildActionMask = 2147483647;
			files = (
				63F725ED1B5A431700489C2A /* MainWindowController.swift in Sources */,
				63F725F01B5A4E1100489C2A /* GeneratePassword.swift in Sources */,
				63F725DF1B5A42CB00489C2A /* AppDelegate.swift in Sources */,
			);
			runOnlyForDeploymentPostprocessing = 0;
		};
/* End PBXSourcesBuildPhase section */

/* Begin PBXVariantGroup section */
		63F725E21B5A42CB00489C2A /* MainMenu.xib */ = {
			isa = PBXVariantGroup;
			children = (
				63F725E31B5A42CB00489C2A /* Base */,
			);
			name = MainMenu.xib;
			sourceTree = "<group>";
		};
/* End PBXVariantGroup section */

/* Begin XCBuildConfiguration section */
		63F725E61B5A42CB00489C2A /* Debug */ = {
			isa = XCBuildConfiguration;
			buildSettings = {
				ALWAYS_SEARCH_USER_PATHS = NO;
				CLANG_CXX_LANGUAGE_STANDARD = "gnu++0x";
				CLANG_CXX_LIBRARY = "libc++";
				CLANG_ENABLE_MODULES = YES;
				CLANG_ENABLE_OBJC_ARC = YES;
				CLANG_WARN_BOOL_CONVERSION = YES;
				CLANG_WARN_CONSTANT_CONVERSION = YES;
				CLANG_WARN_DIRECT_OBJC_ISA_USAGE = YES_ERROR;
				CLANG_WARN_EMPTY_BODY = YES;
				CLANG_WARN_ENUM_CONVERSION = YES;
				CLANG_WARN_INT_CONVERSION = YES;
				CLANG_WARN_OBJC_ROOT_CLASS = YES_ERROR;
				CLANG_WARN_UNREACHABLE_CODE = YES;
				CLANG_WARN__DUPLICATE_METHOD_MATCH = YES;
				CODE_SIGN_IDENTITY = "-";
				COPY_PHASE_STRIP = NO;
				DEBUG_INFORMATION_FORMAT = dwarf;
				ENABLE_STRICT_OBJC_MSGSEND = YES;
				ENABLE_TESTABILITY = YES;
				GCC_C_LANGUAGE_STANDARD = gnu99;
				GCC_DYNAMIC_NO_PIC = NO;
				GCC_NO_COMMON_BLOCKS = YES;
				GCC_OPTIMIZATION_LEVEL = 0;
				GCC_PREPROCESSOR_DEFINITIONS = (
					"DEBUG=1",
					"$(inherited)",
				);
				GCC_WARN_64_TO_32_BIT_CONVERSION = YES;
				GCC_WARN_ABOUT_RETURN_TYPE = YES_ERROR;
				GCC_WARN_UNDECLARED_SELECTOR = YES;
				GCC_WARN_UNINITIALIZED_AUTOS = YES_AGGRESSIVE;
				GCC_WARN_UNUSED_FUNCTION = YES;
				GCC_WARN_UNUSED_VARIABLE = YES;
				MACOSX_DEPLOYMENT_TARGET = 10.10;
				MTL_ENABLE_DEBUG_INFO = YES;
				ONLY_ACTIVE_ARCH = YES;
				SDKROOT = macosx;
				SWIFT_OPTIMIZATION_LEVEL = "-Onone";
			};
			name = Debug;
		};
		63F725E71B5A42CB00489C2A /* Release */ = {
			isa = XCBuildConfiguration;
			buildSettings = {
				ALWAYS_SEARCH_USER_PATHS = NO;
				CLANG_CXX_LANGUAGE_STANDARD = "gnu++0x";
				CLANG_CXX_LIBRARY = "libc++";
				CLANG_ENABLE_MODULES = YES;
				CLANG_ENABLE_OBJC_ARC = YES;
				CLANG_WARN_BOOL_CONVERSION = YES;
				CLANG_WARN_CONSTANT_CONVERSION = YES;
				CLANG_WARN_DIRECT_OBJC_ISA_USAGE = YES_ERROR;
				CLANG_WARN_EMPTY_BODY = YES;
				CLANG_WARN_ENUM_CONVERSION = YES;
				CLANG_WARN_INT_CONVERSION = YES;
				CLANG_WARN_OBJC_ROOT_CLASS = YES_ERROR;
				CLANG_WARN_UNREACHABLE_CODE = YES;
				CLANG_WARN__DUPLICATE_METHOD_MATCH = YES;
				CODE_SIGN_IDENTITY = "-";
				COPY_PHASE_STRIP = NO;
				DEBUG_INFORMATION_FORMAT = "dwarf-with-dsym";
				ENABLE_NS_ASSERTIONS = NO;
				ENABLE_STRICT_OBJC_MSGSEND = YES;
				GCC_C_LANGUAGE_STANDARD = gnu99;
				GCC_NO_COMMON_BLOCKS = YES;
				GCC_WARN_64_TO_32_BIT_CONVERSION = YES;
				GCC_WARN_ABOUT_RETURN_TYPE = YES_ERROR;
				GCC_WARN_UNDECLARED_SELECTOR = YES;
				GCC_WARN_UNINITIALIZED_AUTOS = YES_AGGRESSIVE;
				GCC_WARN_UNUSED_FUNCTION = YES;
				GCC_WARN_UNUSED_VARIABLE = YES;
				MACOSX_DEPLOYMENT_TARGET = 10.10;
				MTL_ENABLE_DEBUG_INFO = NO;
				SDKROOT = macosx;
			};
			name = Release;
		};
		63F725E91B5A42CB00489C2A /* Debug */ = {
			isa = XCBuildConfiguration;
			buildSettings = {
				ASSETCATALOG_COMPILER_APPICON_NAME = AppIcon;
				COMBINE_HIDPI_IMAGES = YES;
				INFOPLIST_FILE = RandomPassword/Info.plist;
				LD_RUNPATH_SEARCH_PATHS = "$(inherited) @executable_path/../Frameworks";
				PRODUCT_BUNDLE_IDENTIFIER = com.gwesley.RandomPassword;
				PRODUCT_NAME = 1.RandomPassword;
			};
			name = Debug;
		};
		63F725EA1B5A42CB00489C2A /* Release */ = {
			isa = XCBuildConfiguration;
			buildSettings = {
				ASSETCATALOG_COMPILER_APPICON_NAME = AppIcon;
				COMBINE_HIDPI_IMAGES = YES;
				INFOPLIST_FILE = RandomPassword/Info.plist;
				LD_RUNPATH_SEARCH_PATHS = "$(inherited) @executable_path/../Frameworks";
				PRODUCT_BUNDLE_IDENTIFIER = com.gwesley.RandomPassword;
				PRODUCT_NAME = 1.RandomPassword;
			};
			name = Release;
		};
/* End XCBuildConfiguration section */

/* Begin XCConfigurationList section */
		63F725D61B5A42CB00489C2A /* Build configuration list for PBXProject "1.RandomPassword" */ = {
			isa = XCConfigurationList;
			buildConfigurations = (
				63F725E61B5A42CB00489C2A /* Debug */,
				63F725E71B5A42CB00489C2A /* Release */,
			);
			defaultConfigurationIsVisible = 0;
			defaultConfigurationName = Release;
		};
		63F725E81B5A42CB00489C2A /* Build configuration list for PBXNativeTarget "1.RandomPassword" */ = {
			isa = XCConfigurationList;
			buildConfigurations = (
				63F725E91B5A42CB00489C2A /* Debug */,
				63F725EA1B5A42CB00489C2A /* Release */,
			);
			defaultConfigurationIsVisible = 0;
			defaultConfigurationName = Release;
		};
/* End XCConfigurationList section */
	};
	rootObject = 63F725D31B5A42CB00489C2A /* Project object */;
}
