// !$*UTF8*$!
{
	archiveVersion = 1;
	classes = {
	};
	objectVersion = 46;
	objects = {

/* Begin PBXBuildFile section */
		638A82021B76056D0088F0D9 /* AppDelegate.swift in Sources */ = {isa = PBXBuildFile; fileRef = 638A82011B76056D0088F0D9 /* AppDelegate.swift */; };
		638A82041B76056D0088F0D9 /* Assets.xcassets in Resources */ = {isa = PBXBuildFile; fileRef = 638A82031B76056D0088F0D9 /* Assets.xcassets */; };
		638A82071B76056D0088F0D9 /* MainMenu.xib in Resources */ = {isa = PBXBuildFile; fileRef = 638A82051B76056D0088F0D9 /* MainMenu.xib */; };
		638A82101B7605E40088F0D9 /* MainWindowController.swift in Sources */ = {isa = PBXBuildFile; fileRef = 638A820E1B7605E40088F0D9 /* MainWindowController.swift */; };
		638A82111B7605E40088F0D9 /* MainWindowController.xib in Resources */ = {isa = PBXBuildFile; fileRef = 638A820F1B7605E40088F0D9 /* MainWindowController.xib */; };
		638A82131B7606B10088F0D9 /* TiledImageView.swift in Sources */ = {isa = PBXBuildFile; fileRef = 638A82121B7606B10088F0D9 /* TiledImageView.swift */; };
/* End PBXBuildFile section */

/* Begin PBXFileReference section */
		638A81FE1B76056D0088F0D9 /* ImageTiling.app */ = {isa = PBXFileReference; explicitFileType = wrapper.application; includeInIndex = 0; path = ImageTiling.app; sourceTree = BUILT_PRODUCTS_DIR; };
		638A82011B76056D0088F0D9 /* AppDelegate.swift */ = {isa = PBXFileReference; lastKnownFileType = sourcecode.swift; path = AppDelegate.swift; sourceTree = "<group>"; };
		638A82031B76056D0088F0D9 /* Assets.xcassets */ = {isa = PBXFileReference; lastKnownFileType = folder.assetcatalog; path = Assets.xcassets; sourceTree = "<group>"; };
		638A82061B76056D0088F0D9 /* Base */ = {isa = PBXFileReference; lastKnownFileType = file.xib; name = Base; path = Base.lproj/MainMenu.xib; sourceTree = "<group>"; };
		638A82081B76056D0088F0D9 /* Info.plist */ = {isa = PBXFileReference; lastKnownFileType = text.plist.xml; path = Info.plist; sourceTree = "<group>"; };
		638A820E1B7605E40088F0D9 /* MainWindowController.swift */ = {isa = PBXFileReference; fileEncoding = 4; lastKnownFileType = sourcecode.swift; path = MainWindowController.swift; sourceTree = "<group>"; };
		638A820F1B7605E40088F0D9 /* MainWindowController.xib */ = {isa = PBXFileReference; fileEncoding = 4; lastKnownFileType = file.xib; path = MainWindowController.xib; sourceTree = "<group>"; };
		638A82121B7606B10088F0D9 /* TiledImageView.swift */ = {isa = PBXFileReference; fileEncoding = 4; lastKnownFileType = sourcecode.swift; path = TiledImageView.swift; sourceTree = "<group>"; };
/* End PBXFileReference section */

/* Begin PBXFrameworksBuildPhase section */
		638A81FB1B76056D0088F0D9 /* Frameworks */ = {
			isa = PBXFrameworksBuildPhase;
			buildActionMask = 2147483647;
			files = (
			);
			runOnlyForDeploymentPostprocessing = 0;
		};
/* End PBXFrameworksBuildPhase section */

/* Begin PBXGroup section */
		638A81F51B76056D0088F0D9 = {
			isa = PBXGroup;
			children = (
				638A82001B76056D0088F0D9 /* ImageTiling */,
				638A81FF1B76056D0088F0D9 /* Products */,
			);
			sourceTree = "<group>";
		};
		638A81FF1B76056D0088F0D9 /* Products */ = {
			isa = PBXGroup;
			children = (
				638A81FE1B76056D0088F0D9 /* ImageTiling.app */,
			);
			name = Products;
			sourceTree = "<group>";
		};
		638A82001B76056D0088F0D9 /* ImageTiling */ = {
			isa = PBXGroup;
			children = (
				638A82011B76056D0088F0D9 /* AppDelegate.swift */,
				638A820E1B7605E40088F0D9 /* MainWindowController.swift */,
				638A820F1B7605E40088F0D9 /* MainWindowController.xib */,
				638A82121B7606B10088F0D9 /* TiledImageView.swift */,
				638A82031B76056D0088F0D9 /* Assets.xcassets */,
				638A82051B76056D0088F0D9 /* MainMenu.xib */,
				638A82081B76056D0088F0D9 /* Info.plist */,
			);
			path = ImageTiling;
			sourceTree = "<group>";
		};
/* End PBXGroup section */

/* Begin PBXNativeTarget section */
		638A81FD1B76056D0088F0D9 /* ImageTiling */ = {
			isa = PBXNativeTarget;
			buildConfigurationList = 638A820B1B76056D0088F0D9 /* Build configuration list for PBXNativeTarget "ImageTiling" */;
			buildPhases = (
				638A81FA1B76056D0088F0D9 /* Sources */,
				638A81FB1B76056D0088F0D9 /* Frameworks */,
				638A81FC1B76056D0088F0D9 /* Resources */,
			);
			buildRules = (
			);
			dependencies = (
			);
			name = ImageTiling;
			productName = ImageTiling;
			productReference = 638A81FE1B76056D0088F0D9 /* ImageTiling.app */;
			productType = "com.apple.product-type.application";
		};
/* End PBXNativeTarget section */

/* Begin PBXProject section */
		638A81F61B76056D0088F0D9 /* Project object */ = {
			isa = PBXProject;
			attributes = {
				LastUpgradeCheck = 0700;
				ORGANIZATIONNAME = GWesley;
				TargetAttributes = {
					638A81FD1B76056D0088F0D9 = {
						CreatedOnToolsVersion = 7.0;
					};
				};
			};
			buildConfigurationList = 638A81F91B76056D0088F0D9 /* Build configuration list for PBXProject "ImageTiling" */;
			compatibilityVersion = "Xcode 3.2";
			developmentRegion = English;
			hasScannedForEncodings = 0;
			knownRegions = (
				en,
				Base,
			);
			mainGroup = 638A81F51B76056D0088F0D9;
			productRefGroup = 638A81FF1B76056D0088F0D9 /* Products */;
			projectDirPath = "";
			projectRoot = "";
			targets = (
				638A81FD1B76056D0088F0D9 /* ImageTiling */,
			);
		};
/* End PBXProject section */

/* Begin PBXResourcesBuildPhase section */
		638A81FC1B76056D0088F0D9 /* Resources */ = {
			isa = PBXResourcesBuildPhase;
			buildActionMask = 2147483647;
			files = (
				638A82041B76056D0088F0D9 /* Assets.xcassets in Resources */,
				638A82111B7605E40088F0D9 /* MainWindowController.xib in Resources */,
				638A82071B76056D0088F0D9 /* MainMenu.xib in Resources */,
			);
			runOnlyForDeploymentPostprocessing = 0;
		};
/* End PBXResourcesBuildPhase section */

/* Begin PBXSourcesBuildPhase section */
		638A81FA1B76056D0088F0D9 /* Sources */ = {
			isa = PBXSourcesBuildPhase;
			buildActionMask = 2147483647;
			files = (
				638A82101B7605E40088F0D9 /* MainWindowController.swift in Sources */,
				638A82131B7606B10088F0D9 /* TiledImageView.swift in Sources */,
				638A82021B76056D0088F0D9 /* AppDelegate.swift in Sources */,
			);
			runOnlyForDeploymentPostprocessing = 0;
		};
/* End PBXSourcesBuildPhase section */

/* Begin PBXVariantGroup section */
		638A82051B76056D0088F0D9 /* MainMenu.xib */ = {
			isa = PBXVariantGroup;
			children = (
				638A82061B76056D0088F0D9 /* Base */,
			);
			name = MainMenu.xib;
			sourceTree = "<group>";
		};
/* End PBXVariantGroup section */

/* Begin XCBuildConfiguration section */
		638A82091B76056D0088F0D9 /* Debug */ = {
			isa = XCBuildConfiguration;
			buildSettings = {
				ALWAYS_SEARCH_USER_PATHS = NO;
				CLANG_CXX_LANGUAGE_STANDARD = "gnu++0x";
				CLANG_CXX_LIBRARY = "libc++";
				CLANG_ENABLE_MODULES = YES;
				CLANG_ENABLE_OBJC_ARC = YES;
				CLANG_WARN_BOOL_CONVERSION = YES;
				CLANG_WARN_CONSTANT_CONVERSION = YES;
				CLANG_WARN_DIRECT_OBJC_ISA_USAGE = YES_ERROR;
				CLANG_WARN_EMPTY_BODY = YES;
				CLANG_WARN_ENUM_CONVERSION = YES;
				CLANG_WARN_INT_CONVERSION = YES;
				CLANG_WARN_OBJC_ROOT_CLASS = YES_ERROR;
				CLANG_WARN_UNREACHABLE_CODE = YES;
				CLANG_WARN__DUPLICATE_METHOD_MATCH = YES;
				CODE_SIGN_IDENTITY = "-";
				COPY_PHASE_STRIP = NO;
				DEBUG_INFORMATION_FORMAT = dwarf;
				ENABLE_STRICT_OBJC_MSGSEND = YES;
				ENABLE_TESTABILITY = YES;
				GCC_C_LANGUAGE_STANDARD = gnu99;
				GCC_DYNAMIC_NO_PIC = NO;
				GCC_NO_COMMON_BLOCKS = YES;
				GCC_OPTIMIZATION_LEVEL = 0;
				GCC_PREPROCESSOR_DEFINITIONS = (
					"DEBUG=1",
					"$(inherited)",
				);
				GCC_WARN_64_TO_32_BIT_CONVERSION = YES;
				GCC_WARN_ABOUT_RETURN_TYPE = YES_ERROR;
				GCC_WARN_UNDECLARED_SELECTOR = YES;
				GCC_WARN_UNINITIALIZED_AUTOS = YES_AGGRESSIVE;
				GCC_WARN_UNUSED_FUNCTION = YES;
				GCC_WARN_UNUSED_VARIABLE = YES;
				MACOSX_DEPLOYMENT_TARGET = 10.10;
				MTL_ENABLE_DEBUG_INFO = YES;
				ONLY_ACTIVE_ARCH = YES;
				SDKROOT = macosx;
				SWIFT_OPTIMIZATION_LEVEL = "-Onone";
			};
			name = Debug;
		};
		638A820A1B76056D0088F0D9 /* Release */ = {
			isa = XCBuildConfiguration;
			buildSettings = {
				ALWAYS_SEARCH_USER_PATHS = NO;
				CLANG_CXX_LANGUAGE_STANDARD = "gnu++0x";
				CLANG_CXX_LIBRARY = "libc++";
				CLANG_ENABLE_MODULES = YES;
				CLANG_ENABLE_OBJC_ARC = YES;
				CLANG_WARN_BOOL_CONVERSION = YES;
				CLANG_WARN_CONSTANT_CONVERSION = YES;
				CLANG_WARN_DIRECT_OBJC_ISA_USAGE = YES_ERROR;
				CLANG_WARN_EMPTY_BODY = YES;
				CLANG_WARN_ENUM_CONVERSION = YES;
				CLANG_WARN_INT_CONVERSION = YES;
				CLANG_WARN_OBJC_ROOT_CLASS = YES_ERROR;
				CLANG_WARN_UNREACHABLE_CODE = YES;
				CLANG_WARN__DUPLICATE_METHOD_MATCH = YES;
				CODE_SIGN_IDENTITY = "-";
				COPY_PHASE_STRIP = NO;
				DEBUG_INFORMATION_FORMAT = "dwarf-with-dsym";
				ENABLE_NS_ASSERTIONS = NO;
				ENABLE_STRICT_OBJC_MSGSEND = YES;
				GCC_C_LANGUAGE_STANDARD = gnu99;
				GCC_NO_COMMON_BLOCKS = YES;
				GCC_WARN_64_TO_32_BIT_CONVERSION = YES;
				GCC_WARN_ABOUT_RETURN_TYPE = YES_ERROR;
				GCC_WARN_UNDECLARED_SELECTOR = YES;
				GCC_WARN_UNINITIALIZED_AUTOS = YES_AGGRESSIVE;
				GCC_WARN_UNUSED_FUNCTION = YES;
				GCC_WARN_UNUSED_VARIABLE = YES;
				MACOSX_DEPLOYMENT_TARGET = 10.10;
				MTL_ENABLE_DEBUG_INFO = NO;
				SDKROOT = macosx;
			};
			name = Release;
		};
		638A820C1B76056D0088F0D9 /* Debug */ = {
			isa = XCBuildConfiguration;
			buildSettings = {
				ASSETCATALOG_COMPILER_APPICON_NAME = AppIcon;
				COMBINE_HIDPI_IMAGES = YES;
				INFOPLIST_FILE = ImageTiling/Info.plist;
				LD_RUNPATH_SEARCH_PATHS = "$(inherited) @executable_path/../Frameworks";
				PRODUCT_BUNDLE_IDENTIFIER = com.gwesley.ImageTiling;
				PRODUCT_NAME = "$(TARGET_NAME)";
			};
			name = Debug;
		};
		638A820D1B76056D0088F0D9 /* Release */ = {
			isa = XCBuildConfiguration;
			buildSettings = {
				ASSETCATALOG_COMPILER_APPICON_NAME = AppIcon;
				COMBINE_HIDPI_IMAGES = YES;
				INFOPLIST_FILE = ImageTiling/Info.plist;
				LD_RUNPATH_SEARCH_PATHS = "$(inherited) @executable_path/../Frameworks";
				PRODUCT_BUNDLE_IDENTIFIER = com.gwesley.ImageTiling;
				PRODUCT_NAME = "$(TARGET_NAME)";
			};
			name = Release;
		};
/* End XCBuildConfiguration section */

/* Begin XCConfigurationList section */
		638A81F91B76056D0088F0D9 /* Build configuration list for PBXProject "ImageTiling" */ = {
			isa = XCConfigurationList;
			buildConfigurations = (
				638A82091B76056D0088F0D9 /* Debug */,
				638A820A1B76056D0088F0D9 /* Release */,
			);
			defaultConfigurationIsVisible = 0;
			defaultConfigurationName = Release;
		};
		638A820B1B76056D0088F0D9 /* Build configuration list for PBXNativeTarget "ImageTiling" */ = {
			isa = XCConfigurationList;
			buildConfigurations = (
				638A820C1B76056D0088F0D9 /* Debug */,
				638A820D1B76056D0088F0D9 /* Release */,
			);
			defaultConfigurationIsVisible = 0;
		};
/* End XCConfigurationList section */
	};
	rootObject = 638A81F61B76056D0088F0D9 /* Project object */;
}
