// !$*UTF8*$!
{
	archiveVersion = 1;
	classes = {
	};
	objectVersion = 46;
	objects = {

/* Begin PBXBuildFile section */
		63B3BF411B5D39A70011109F /* txt.icns in Resources */ = {isa = PBXBuildFile; fileRef = 63B3BF401B5D39A70011109F /* txt.icns */; };
		63E139CE1B5BE87900694937 /* AppDelegate.swift in Sources */ = {isa = PBXBuildFile; fileRef = 63E139CD1B5BE87900694937 /* AppDelegate.swift */; };
		63E139D01B5BE87900694937 /* Document.swift in Sources */ = {isa = PBXBuildFile; fileRef = 63E139CF1B5BE87900694937 /* Document.swift */; };
		63E139D31B5BE87900694937 /* Document.xib in Resources */ = {isa = PBXBuildFile; fileRef = 63E139D11B5BE87900694937 /* Document.xib */; };
		63E139D51B5BE87900694937 /* Assets.xcassets in Resources */ = {isa = PBXBuildFile; fileRef = 63E139D41B5BE87900694937 /* Assets.xcassets */; };
		63E139D81B5BE87900694937 /* MainMenu.xib in Resources */ = {isa = PBXBuildFile; fileRef = 63E139D61B5BE87900694937 /* MainMenu.xib */; };
		63E139E01B5BEAD200694937 /* Employee.swift in Sources */ = {isa = PBXBuildFile; fileRef = 63E139DF1B5BEAD200694937 /* Employee.swift */; };
/* End PBXBuildFile section */

/* Begin PBXFileReference section */
		63B3BF401B5D39A70011109F /* txt.icns */ = {isa = PBXFileReference; lastKnownFileType = image.icns; path = txt.icns; sourceTree = "<group>"; };
		63E139CA1B5BE87900694937 /* 5.RaiseMan.app */ = {isa = PBXFileReference; explicitFileType = wrapper.application; includeInIndex = 0; path = 5.RaiseMan.app; sourceTree = BUILT_PRODUCTS_DIR; };
		63E139CD1B5BE87900694937 /* AppDelegate.swift */ = {isa = PBXFileReference; lastKnownFileType = sourcecode.swift; path = AppDelegate.swift; sourceTree = "<group>"; };
		63E139CF1B5BE87900694937 /* Document.swift */ = {isa = PBXFileReference; lastKnownFileType = sourcecode.swift; path = Document.swift; sourceTree = "<group>"; };
		63E139D21B5BE87900694937 /* Base */ = {isa = PBXFileReference; lastKnownFileType = file.xib; name = Base; path = Base.lproj/Document.xib; sourceTree = "<group>"; };
		63E139D41B5BE87900694937 /* Assets.xcassets */ = {isa = PBXFileReference; lastKnownFileType = folder.assetcatalog; path = Assets.xcassets; sourceTree = "<group>"; };
		63E139D71B5BE87900694937 /* Base */ = {isa = PBXFileReference; lastKnownFileType = file.xib; name = Base; path = Base.lproj/MainMenu.xib; sourceTree = "<group>"; };
		63E139D91B5BE87900694937 /* Info.plist */ = {isa = PBXFileReference; lastKnownFileType = text.plist.xml; path = Info.plist; sourceTree = "<group>"; };
		63E139DF1B5BEAD200694937 /* Employee.swift */ = {isa = PBXFileReference; fileEncoding = 4; lastKnownFileType = sourcecode.swift; path = Employee.swift; sourceTree = "<group>"; };
/* End PBXFileReference section */

/* Begin PBXFrameworksBuildPhase section */
		63E139C71B5BE87900694937 /* Frameworks */ = {
			isa = PBXFrameworksBuildPhase;
			buildActionMask = 2147483647;
			files = (
			);
			runOnlyForDeploymentPostprocessing = 0;
		};
/* End PBXFrameworksBuildPhase section */

/* Begin PBXGroup section */
		63E139C11B5BE87900694937 = {
			isa = PBXGroup;
			children = (
				63E139CC1B5BE87900694937 /* RaiseMan */,
				63E139CB1B5BE87900694937 /* Products */,
			);
			sourceTree = "<group>";
		};
		63E139CB1B5BE87900694937 /* Products */ = {
			isa = PBXGroup;
			children = (
				63E139CA1B5BE87900694937 /* 5.RaiseMan.app */,
			);
			name = Products;
			sourceTree = "<group>";
		};
		63E139CC1B5BE87900694937 /* RaiseMan */ = {
			isa = PBXGroup;
			children = (
				63E139CD1B5BE87900694937 /* AppDelegate.swift */,
				63E139CF1B5BE87900694937 /* Document.swift */,
				63E139D11B5BE87900694937 /* Document.xib */,
				63E139DF1B5BEAD200694937 /* Employee.swift */,
				63E139D41B5BE87900694937 /* Assets.xcassets */,
				63E139D61B5BE87900694937 /* MainMenu.xib */,
				63E139D91B5BE87900694937 /* Info.plist */,
				63B3BF401B5D39A70011109F /* txt.icns */,
			);
			path = RaiseMan;
			sourceTree = "<group>";
		};
/* End PBXGroup section */

/* Begin PBXNativeTarget section */
		63E139C91B5BE87900694937 /* 5.RaiseMan */ = {
			isa = PBXNativeTarget;
			buildConfigurationList = 63E139DC1B5BE87900694937 /* Build configuration list for PBXNativeTarget "5.RaiseMan" */;
			buildPhases = (
				63E139C61B5BE87900694937 /* Sources */,
				63E139C71B5BE87900694937 /* Frameworks */,
				63E139C81B5BE87900694937 /* Resources */,
			);
			buildRules = (
			);
			dependencies = (
			);
			name = 5.RaiseMan;
			productName = RaiseMan;
			productReference = 63E139CA1B5BE87900694937 /* 5.RaiseMan.app */;
			productType = "com.apple.product-type.application";
		};
/* End PBXNativeTarget section */

/* Begin PBXProject section */
		63E139C21B5BE87900694937 /* Project object */ = {
			isa = PBXProject;
			attributes = {
				LastUpgradeCheck = 0700;
				ORGANIZATIONNAME = GWesley;
				TargetAttributes = {
					63E139C91B5BE87900694937 = {
						CreatedOnToolsVersion = 7.0;
					};
				};
			};
			buildConfigurationList = 63E139C51B5BE87900694937 /* Build configuration list for PBXProject "5.RaiseMan" */;
			compatibilityVersion = "Xcode 3.2";
			developmentRegion = English;
			hasScannedForEncodings = 0;
			knownRegions = (
				en,
				Base,
			);
			mainGroup = 63E139C11B5BE87900694937;
			productRefGroup = 63E139CB1B5BE87900694937 /* Products */;
			projectDirPath = "";
			projectRoot = "";
			targets = (
				63E139C91B5BE87900694937 /* 5.RaiseMan */,
			);
		};
/* End PBXProject section */

/* Begin PBXResourcesBuildPhase section */
		63E139C81B5BE87900694937 /* Resources */ = {
			isa = PBXResourcesBuildPhase;
			buildActionMask = 2147483647;
			files = (
				63E139D51B5BE87900694937 /* Assets.xcassets in Resources */,
				63E139D31B5BE87900694937 /* Document.xib in Resources */,
				63E139D81B5BE87900694937 /* MainMenu.xib in Resources */,
				63B3BF411B5D39A70011109F /* txt.icns in Resources */,
			);
			runOnlyForDeploymentPostprocessing = 0;
		};
/* End PBXResourcesBuildPhase section */

/* Begin PBXSourcesBuildPhase section */
		63E139C61B5BE87900694937 /* Sources */ = {
			isa = PBXSourcesBuildPhase;
			buildActionMask = 2147483647;
			files = (
				63E139D01B5BE87900694937 /* Document.swift in Sources */,
				63E139E01B5BEAD200694937 /* Employee.swift in Sources */,
				63E139CE1B5BE87900694937 /* AppDelegate.swift in Sources */,
			);
			runOnlyForDeploymentPostprocessing = 0;
		};
/* End PBXSourcesBuildPhase section */

/* Begin PBXVariantGroup section */
		63E139D11B5BE87900694937 /* Document.xib */ = {
			isa = PBXVariantGroup;
			children = (
				63E139D21B5BE87900694937 /* Base */,
			);
			name = Document.xib;
			sourceTree = "<group>";
		};
		63E139D61B5BE87900694937 /* MainMenu.xib */ = {
			isa = PBXVariantGroup;
			children = (
				63E139D71B5BE87900694937 /* Base */,
			);
			name = MainMenu.xib;
			sourceTree = "<group>";
		};
/* End PBXVariantGroup section */

/* Begin XCBuildConfiguration section */
		63E139DA1B5BE87900694937 /* Debug */ = {
			isa = XCBuildConfiguration;
			buildSettings = {
				ALWAYS_SEARCH_USER_PATHS = NO;
				CLANG_CXX_LANGUAGE_STANDARD = "gnu++0x";
				CLANG_CXX_LIBRARY = "libc++";
				CLANG_ENABLE_MODULES = YES;
				CLANG_ENABLE_OBJC_ARC = YES;
				CLANG_WARN_BOOL_CONVERSION = YES;
				CLANG_WARN_CONSTANT_CONVERSION = YES;
				CLANG_WARN_DIRECT_OBJC_ISA_USAGE = YES_ERROR;
				CLANG_WARN_EMPTY_BODY = YES;
				CLANG_WARN_ENUM_CONVERSION = YES;
				CLANG_WARN_INT_CONVERSION = YES;
				CLANG_WARN_OBJC_ROOT_CLASS = YES_ERROR;
				CLANG_WARN_UNREACHABLE_CODE = YES;
				CLANG_WARN__DUPLICATE_METHOD_MATCH = YES;
				CODE_SIGN_IDENTITY = "-";
				COPY_PHASE_STRIP = NO;
				DEBUG_INFORMATION_FORMAT = dwarf;
				ENABLE_STRICT_OBJC_MSGSEND = YES;
				ENABLE_TESTABILITY = YES;
				GCC_C_LANGUAGE_STANDARD = gnu99;
				GCC_DYNAMIC_NO_PIC = NO;
				GCC_NO_COMMON_BLOCKS = YES;
				GCC_OPTIMIZATION_LEVEL = 0;
				GCC_PREPROCESSOR_DEFINITIONS = (
					"DEBUG=1",
					"$(inherited)",
				);
				GCC_WARN_64_TO_32_BIT_CONVERSION = YES;
				GCC_WARN_ABOUT_RETURN_TYPE = YES_ERROR;
				GCC_WARN_UNDECLARED_SELECTOR = YES;
				GCC_WARN_UNINITIALIZED_AUTOS = YES_AGGRESSIVE;
				GCC_WARN_UNUSED_FUNCTION = YES;
				GCC_WARN_UNUSED_VARIABLE = YES;
				MACOSX_DEPLOYMENT_TARGET = 10.10;
				MTL_ENABLE_DEBUG_INFO = YES;
				ONLY_ACTIVE_ARCH = YES;
				SDKROOT = macosx;
				SWIFT_OPTIMIZATION_LEVEL = "-Onone";
			};
			name = Debug;
		};
		63E139DB1B5BE87900694937 /* Release */ = {
			isa = XCBuildConfiguration;
			buildSettings = {
				ALWAYS_SEARCH_USER_PATHS = NO;
				CLANG_CXX_LANGUAGE_STANDARD = "gnu++0x";
				CLANG_CXX_LIBRARY = "libc++";
				CLANG_ENABLE_MODULES = YES;
				CLANG_ENABLE_OBJC_ARC = YES;
				CLANG_WARN_BOOL_CONVERSION = YES;
				CLANG_WARN_CONSTANT_CONVERSION = YES;
				CLANG_WARN_DIRECT_OBJC_ISA_USAGE = YES_ERROR;
				CLANG_WARN_EMPTY_BODY = YES;
				CLANG_WARN_ENUM_CONVERSION = YES;
				CLANG_WARN_INT_CONVERSION = YES;
				CLANG_WARN_OBJC_ROOT_CLASS = YES_ERROR;
				CLANG_WARN_UNREACHABLE_CODE = YES;
				CLANG_WARN__DUPLICATE_METHOD_MATCH = YES;
				CODE_SIGN_IDENTITY = "-";
				COPY_PHASE_STRIP = NO;
				DEBUG_INFORMATION_FORMAT = "dwarf-with-dsym";
				ENABLE_NS_ASSERTIONS = NO;
				ENABLE_STRICT_OBJC_MSGSEND = YES;
				GCC_C_LANGUAGE_STANDARD = gnu99;
				GCC_NO_COMMON_BLOCKS = YES;
				GCC_WARN_64_TO_32_BIT_CONVERSION = YES;
				GCC_WARN_ABOUT_RETURN_TYPE = YES_ERROR;
				GCC_WARN_UNDECLARED_SELECTOR = YES;
				GCC_WARN_UNINITIALIZED_AUTOS = YES_AGGRESSIVE;
				GCC_WARN_UNUSED_FUNCTION = YES;
				GCC_WARN_UNUSED_VARIABLE = YES;
				MACOSX_DEPLOYMENT_TARGET = 10.10;
				MTL_ENABLE_DEBUG_INFO = NO;
				SDKROOT = macosx;
			};
			name = Release;
		};
		63E139DD1B5BE87900694937 /* Debug */ = {
			isa = XCBuildConfiguration;
			buildSettings = {
				ASSETCATALOG_COMPILER_APPICON_NAME = AppIcon;
				COMBINE_HIDPI_IMAGES = YES;
				INFOPLIST_FILE = RaiseMan/Info.plist;
				LD_RUNPATH_SEARCH_PATHS = "$(inherited) @executable_path/../Frameworks";
				PRODUCT_BUNDLE_IDENTIFIER = com.gwesley.RaiseMan;
				PRODUCT_NAME = 5.RaiseMan;
			};
			name = Debug;
		};
		63E139DE1B5BE87900694937 /* Release */ = {
			isa = XCBuildConfiguration;
			buildSettings = {
				ASSETCATALOG_COMPILER_APPICON_NAME = AppIcon;
				COMBINE_HIDPI_IMAGES = YES;
				INFOPLIST_FILE = RaiseMan/Info.plist;
				LD_RUNPATH_SEARCH_PATHS = "$(inherited) @executable_path/../Frameworks";
				PRODUCT_BUNDLE_IDENTIFIER = com.gwesley.RaiseMan;
				PRODUCT_NAME = 5.RaiseMan;
			};
			name = Release;
		};
/* End XCBuildConfiguration section */

/* Begin XCConfigurationList section */
		63E139C51B5BE87900694937 /* Build configuration list for PBXProject "5.RaiseMan" */ = {
			isa = XCConfigurationList;
			buildConfigurations = (
				63E139DA1B5BE87900694937 /* Debug */,
				63E139DB1B5BE87900694937 /* Release */,
			);
			defaultConfigurationIsVisible = 0;
			defaultConfigurationName = Release;
		};
		63E139DC1B5BE87900694937 /* Build configuration list for PBXNativeTarget "5.RaiseMan" */ = {
			isa = XCConfigurationList;
			buildConfigurations = (
				63E139DD1B5BE87900694937 /* Debug */,
				63E139DE1B5BE87900694937 /* Release */,
			);
			defaultConfigurationIsVisible = 0;
			defaultConfigurationName = Release;
		};
/* End XCConfigurationList section */
	};
	rootObject = 63E139C21B5BE87900694937 /* Project object */;
}
