// !$*UTF8*$!
{
	archiveVersion = 1;
	classes = {
	};
	objectVersion = 46;
	objects = {

/* Begin PBXBuildFile section */
		633323D21B646B7A00B575B5 /* AppDelegate.swift in Sources */ = {isa = PBXBuildFile; fileRef = 633323D11B646B7A00B575B5 /* AppDelegate.swift */; };
		633323D41B646B7A00B575B5 /* Assets.xcassets in Resources */ = {isa = PBXBuildFile; fileRef = 633323D31B646B7A00B575B5 /* Assets.xcassets */; };
		633323D71B646B7A00B575B5 /* MainMenu.xib in Resources */ = {isa = PBXBuildFile; fileRef = 633323D51B646B7A00B575B5 /* MainMenu.xib */; };
		633323E21B646BBE00B575B5 /* ChatWindowController.swift in Sources */ = {isa = PBXBuildFile; fileRef = 633323E01B646BBE00B575B5 /* ChatWindowController.swift */; };
		633323E31B646BBE00B575B5 /* ChatWindowController.xib in Resources */ = {isa = PBXBuildFile; fileRef = 633323E11B646BBE00B575B5 /* ChatWindowController.xib */; };
		633323E51B647CDC00B575B5 /* IsNotEmptyTransformer.swift in Sources */ = {isa = PBXBuildFile; fileRef = 633323E41B647CDC00B575B5 /* IsNotEmptyTransformer.swift */; };
/* End PBXBuildFile section */

/* Begin PBXFileReference section */
		633323CE1B646B7A00B575B5 /* 7.Chatter.app */ = {isa = PBXFileReference; explicitFileType = wrapper.application; includeInIndex = 0; path = 7.Chatter.app; sourceTree = BUILT_PRODUCTS_DIR; };
		633323D11B646B7A00B575B5 /* AppDelegate.swift */ = {isa = PBXFileReference; lastKnownFileType = sourcecode.swift; path = AppDelegate.swift; sourceTree = "<group>"; };
		633323D31B646B7A00B575B5 /* Assets.xcassets */ = {isa = PBXFileReference; lastKnownFileType = folder.assetcatalog; path = Assets.xcassets; sourceTree = "<group>"; };
		633323D61B646B7A00B575B5 /* Base */ = {isa = PBXFileReference; lastKnownFileType = file.xib; name = Base; path = Base.lproj/MainMenu.xib; sourceTree = "<group>"; };
		633323D81B646B7A00B575B5 /* Info.plist */ = {isa = PBXFileReference; lastKnownFileType = text.plist.xml; path = Info.plist; sourceTree = "<group>"; };
		633323E01B646BBE00B575B5 /* ChatWindowController.swift */ = {isa = PBXFileReference; fileEncoding = 4; lastKnownFileType = sourcecode.swift; path = ChatWindowController.swift; sourceTree = "<group>"; };
		633323E11B646BBE00B575B5 /* ChatWindowController.xib */ = {isa = PBXFileReference; fileEncoding = 4; lastKnownFileType = file.xib; path = ChatWindowController.xib; sourceTree = "<group>"; };
		633323E41B647CDC00B575B5 /* IsNotEmptyTransformer.swift */ = {isa = PBXFileReference; fileEncoding = 4; lastKnownFileType = sourcecode.swift; path = IsNotEmptyTransformer.swift; sourceTree = "<group>"; };
/* End PBXFileReference section */

/* Begin PBXFrameworksBuildPhase section */
		633323CB1B646B7A00B575B5 /* Frameworks */ = {
			isa = PBXFrameworksBuildPhase;
			buildActionMask = 2147483647;
			files = (
			);
			runOnlyForDeploymentPostprocessing = 0;
		};
/* End PBXFrameworksBuildPhase section */

/* Begin PBXGroup section */
		633323C51B646B7A00B575B5 = {
			isa = PBXGroup;
			children = (
				633323D01B646B7A00B575B5 /* Chatter */,
				633323CF1B646B7A00B575B5 /* Products */,
			);
			sourceTree = "<group>";
		};
		633323CF1B646B7A00B575B5 /* Products */ = {
			isa = PBXGroup;
			children = (
				633323CE1B646B7A00B575B5 /* 7.Chatter.app */,
			);
			name = Products;
			sourceTree = "<group>";
		};
		633323D01B646B7A00B575B5 /* Chatter */ = {
			isa = PBXGroup;
			children = (
				633323D11B646B7A00B575B5 /* AppDelegate.swift */,
				633323E01B646BBE00B575B5 /* ChatWindowController.swift */,
				633323E11B646BBE00B575B5 /* ChatWindowController.xib */,
				633323E41B647CDC00B575B5 /* IsNotEmptyTransformer.swift */,
				633323D31B646B7A00B575B5 /* Assets.xcassets */,
				633323D51B646B7A00B575B5 /* MainMenu.xib */,
				633323D81B646B7A00B575B5 /* Info.plist */,
			);
			path = Chatter;
			sourceTree = "<group>";
		};
/* End PBXGroup section */

/* Begin PBXNativeTarget section */
		633323CD1B646B7A00B575B5 /* 7.Chatter */ = {
			isa = PBXNativeTarget;
			buildConfigurationList = 633323DB1B646B7A00B575B5 /* Build configuration list for PBXNativeTarget "7.Chatter" */;
			buildPhases = (
				633323CA1B646B7A00B575B5 /* Sources */,
				633323CB1B646B7A00B575B5 /* Frameworks */,
				633323CC1B646B7A00B575B5 /* Resources */,
			);
			buildRules = (
			);
			dependencies = (
			);
			name = 7.Chatter;
			productName = Chatter;
			productReference = 633323CE1B646B7A00B575B5 /* 7.Chatter.app */;
			productType = "com.apple.product-type.application";
		};
/* End PBXNativeTarget section */

/* Begin PBXProject section */
		633323C61B646B7A00B575B5 /* Project object */ = {
			isa = PBXProject;
			attributes = {
				LastUpgradeCheck = 0700;
				ORGANIZATIONNAME = GWesley;
				TargetAttributes = {
					633323CD1B646B7A00B575B5 = {
						CreatedOnToolsVersion = 7.0;
					};
				};
			};
			buildConfigurationList = 633323C91B646B7A00B575B5 /* Build configuration list for PBXProject "7.Chatter" */;
			compatibilityVersion = "Xcode 3.2";
			developmentRegion = English;
			hasScannedForEncodings = 0;
			knownRegions = (
				en,
				Base,
			);
			mainGroup = 633323C51B646B7A00B575B5;
			productRefGroup = 633323CF1B646B7A00B575B5 /* Products */;
			projectDirPath = "";
			projectRoot = "";
			targets = (
				633323CD1B646B7A00B575B5 /* 7.Chatter */,
			);
		};
/* End PBXProject section */

/* Begin PBXResourcesBuildPhase section */
		633323CC1B646B7A00B575B5 /* Resources */ = {
			isa = PBXResourcesBuildPhase;
			buildActionMask = 2147483647;
			files = (
				633323D41B646B7A00B575B5 /* Assets.xcassets in Resources */,
				633323D71B646B7A00B575B5 /* MainMenu.xib in Resources */,
				633323E31B646BBE00B575B5 /* ChatWindowController.xib in Resources */,
			);
			runOnlyForDeploymentPostprocessing = 0;
		};
/* End PBXResourcesBuildPhase section */

/* Begin PBXSourcesBuildPhase section */
		633323CA1B646B7A00B575B5 /* Sources */ = {
			isa = PBXSourcesBuildPhase;
			buildActionMask = 2147483647;
			files = (
				633323E51B647CDC00B575B5 /* IsNotEmptyTransformer.swift in Sources */,
				633323D21B646B7A00B575B5 /* AppDelegate.swift in Sources */,
				633323E21B646BBE00B575B5 /* ChatWindowController.swift in Sources */,
			);
			runOnlyForDeploymentPostprocessing = 0;
		};
/* End PBXSourcesBuildPhase section */

/* Begin PBXVariantGroup section */
		633323D51B646B7A00B575B5 /* MainMenu.xib */ = {
			isa = PBXVariantGroup;
			children = (
				633323D61B646B7A00B575B5 /* Base */,
			);
			name = MainMenu.xib;
			sourceTree = "<group>";
		};
/* End PBXVariantGroup section */

/* Begin XCBuildConfiguration section */
		633323D91B646B7A00B575B5 /* Debug */ = {
			isa = XCBuildConfiguration;
			buildSettings = {
				ALWAYS_SEARCH_USER_PATHS = NO;
				CLANG_CXX_LANGUAGE_STANDARD = "gnu++0x";
				CLANG_CXX_LIBRARY = "libc++";
				CLANG_ENABLE_MODULES = YES;
				CLANG_ENABLE_OBJC_ARC = YES;
				CLANG_WARN_BOOL_CONVERSION = YES;
				CLANG_WARN_CONSTANT_CONVERSION = YES;
				CLANG_WARN_DIRECT_OBJC_ISA_USAGE = YES_ERROR;
				CLANG_WARN_EMPTY_BODY = YES;
				CLANG_WARN_ENUM_CONVERSION = YES;
				CLANG_WARN_INT_CONVERSION = YES;
				CLANG_WARN_OBJC_ROOT_CLASS = YES_ERROR;
				CLANG_WARN_UNREACHABLE_CODE = YES;
				CLANG_WARN__DUPLICATE_METHOD_MATCH = YES;
				CODE_SIGN_IDENTITY = "-";
				COPY_PHASE_STRIP = NO;
				DEBUG_INFORMATION_FORMAT = dwarf;
				ENABLE_STRICT_OBJC_MSGSEND = YES;
				ENABLE_TESTABILITY = YES;
				GCC_C_LANGUAGE_STANDARD = gnu99;
				GCC_DYNAMIC_NO_PIC = NO;
				GCC_NO_COMMON_BLOCKS = YES;
				GCC_OPTIMIZATION_LEVEL = 0;
				GCC_PREPROCESSOR_DEFINITIONS = (
					"DEBUG=1",
					"$(inherited)",
				);
				GCC_WARN_64_TO_32_BIT_CONVERSION = YES;
				GCC_WARN_ABOUT_RETURN_TYPE = YES_ERROR;
				GCC_WARN_UNDECLARED_SELECTOR = YES;
				GCC_WARN_UNINITIALIZED_AUTOS = YES_AGGRESSIVE;
				GCC_WARN_UNUSED_FUNCTION = YES;
				GCC_WARN_UNUSED_VARIABLE = YES;
				MACOSX_DEPLOYMENT_TARGET = 10.10;
				MTL_ENABLE_DEBUG_INFO = YES;
				ONLY_ACTIVE_ARCH = YES;
				SDKROOT = macosx;
				SWIFT_OPTIMIZATION_LEVEL = "-Onone";
			};
			name = Debug;
		};
		633323DA1B646B7A00B575B5 /* Release */ = {
			isa = XCBuildConfiguration;
			buildSettings = {
				ALWAYS_SEARCH_USER_PATHS = NO;
				CLANG_CXX_LANGUAGE_STANDARD = "gnu++0x";
				CLANG_CXX_LIBRARY = "libc++";
				CLANG_ENABLE_MODULES = YES;
				CLANG_ENABLE_OBJC_ARC = YES;
				CLANG_WARN_BOOL_CONVERSION = YES;
				CLANG_WARN_CONSTANT_CONVERSION = YES;
				CLANG_WARN_DIRECT_OBJC_ISA_USAGE = YES_ERROR;
				CLANG_WARN_EMPTY_BODY = YES;
				CLANG_WARN_ENUM_CONVERSION = YES;
				CLANG_WARN_INT_CONVERSION = YES;
				CLANG_WARN_OBJC_ROOT_CLASS = YES_ERROR;
				CLANG_WARN_UNREACHABLE_CODE = YES;
				CLANG_WARN__DUPLICATE_METHOD_MATCH = YES;
				CODE_SIGN_IDENTITY = "-";
				COPY_PHASE_STRIP = NO;
				DEBUG_INFORMATION_FORMAT = "dwarf-with-dsym";
				ENABLE_NS_ASSERTIONS = NO;
				ENABLE_STRICT_OBJC_MSGSEND = YES;
				GCC_C_LANGUAGE_STANDARD = gnu99;
				GCC_NO_COMMON_BLOCKS = YES;
				GCC_WARN_64_TO_32_BIT_CONVERSION = YES;
				GCC_WARN_ABOUT_RETURN_TYPE = YES_ERROR;
				GCC_WARN_UNDECLARED_SELECTOR = YES;
				GCC_WARN_UNINITIALIZED_AUTOS = YES_AGGRESSIVE;
				GCC_WARN_UNUSED_FUNCTION = YES;
				GCC_WARN_UNUSED_VARIABLE = YES;
				MACOSX_DEPLOYMENT_TARGET = 10.10;
				MTL_ENABLE_DEBUG_INFO = NO;
				SDKROOT = macosx;
			};
			name = Release;
		};
		633323DC1B646B7A00B575B5 /* Debug */ = {
			isa = XCBuildConfiguration;
			buildSettings = {
				ASSETCATALOG_COMPILER_APPICON_NAME = AppIcon;
				COMBINE_HIDPI_IMAGES = YES;
				INFOPLIST_FILE = Chatter/Info.plist;
				LD_RUNPATH_SEARCH_PATHS = "$(inherited) @executable_path/../Frameworks";
				PRODUCT_BUNDLE_IDENTIFIER = com.gwesley.Chatter;
				PRODUCT_NAME = 7.Chatter;
			};
			name = Debug;
		};
		633323DD1B646B7A00B575B5 /* Release */ = {
			isa = XCBuildConfiguration;
			buildSettings = {
				ASSETCATALOG_COMPILER_APPICON_NAME = AppIcon;
				COMBINE_HIDPI_IMAGES = YES;
				INFOPLIST_FILE = Chatter/Info.plist;
				LD_RUNPATH_SEARCH_PATHS = "$(inherited) @executable_path/../Frameworks";
				PRODUCT_BUNDLE_IDENTIFIER = com.gwesley.Chatter;
				PRODUCT_NAME = 7.Chatter;
			};
			name = Release;
		};
/* End XCBuildConfiguration section */

/* Begin XCConfigurationList section */
		633323C91B646B7A00B575B5 /* Build configuration list for PBXProject "7.Chatter" */ = {
			isa = XCConfigurationList;
			buildConfigurations = (
				633323D91B646B7A00B575B5 /* Debug */,
				633323DA1B646B7A00B575B5 /* Release */,
			);
			defaultConfigurationIsVisible = 0;
			defaultConfigurationName = Release;
		};
		633323DB1B646B7A00B575B5 /* Build configuration list for PBXNativeTarget "7.Chatter" */ = {
			isa = XCConfigurationList;
			buildConfigurations = (
				633323DC1B646B7A00B575B5 /* Debug */,
				633323DD1B646B7A00B575B5 /* Release */,
			);
			defaultConfigurationIsVisible = 0;
			defaultConfigurationName = Release;
		};
/* End XCConfigurationList section */
	};
	rootObject = 633323C61B646B7A00B575B5 /* Project object */;
}
