// !$*UTF8*$!
{
	archiveVersion = 1;
	classes = {
	};
	objectVersion = 46;
	objects = {

/* Begin PBXBuildFile section */
		634BFF391B5AB61400BEEB01 /* AppDelegate.swift in Sources */ = {isa = PBXBuildFile; fileRef = 634BFF381B5AB61400BEEB01 /* AppDelegate.swift */; };
		634BFF3B1B5AB61400BEEB01 /* Assets.xcassets in Resources */ = {isa = PBXBuildFile; fileRef = 634BFF3A1B5AB61400BEEB01 /* Assets.xcassets */; };
		634BFF3E1B5AB61400BEEB01 /* MainMenu.xib in Resources */ = {isa = PBXBuildFile; fileRef = 634BFF3C1B5AB61400BEEB01 /* MainMenu.xib */; };
		634BFF461B5AB63200BEEB01 /* MainWindowController.swift in Sources */ = {isa = PBXBuildFile; fileRef = 634BFF451B5AB63200BEEB01 /* MainWindowController.swift */; };
		634BFF481B5AB68100BEEB01 /* MainWindowController.xib in Resources */ = {isa = PBXBuildFile; fileRef = 634BFF471B5AB68100BEEB01 /* MainWindowController.xib */; };
/* End PBXBuildFile section */

/* Begin PBXFileReference section */
		634BFF351B5AB61400BEEB01 /* 2.RGBWell.app */ = {isa = PBXFileReference; explicitFileType = wrapper.application; includeInIndex = 0; path = 2.RGBWell.app; sourceTree = BUILT_PRODUCTS_DIR; };
		634BFF381B5AB61400BEEB01 /* AppDelegate.swift */ = {isa = PBXFileReference; lastKnownFileType = sourcecode.swift; path = AppDelegate.swift; sourceTree = "<group>"; };
		634BFF3A1B5AB61400BEEB01 /* Assets.xcassets */ = {isa = PBXFileReference; lastKnownFileType = folder.assetcatalog; path = Assets.xcassets; sourceTree = "<group>"; };
		634BFF3D1B5AB61400BEEB01 /* Base */ = {isa = PBXFileReference; lastKnownFileType = file.xib; name = Base; path = Base.lproj/MainMenu.xib; sourceTree = "<group>"; };
		634BFF3F1B5AB61400BEEB01 /* Info.plist */ = {isa = PBXFileReference; lastKnownFileType = text.plist.xml; path = Info.plist; sourceTree = "<group>"; };
		634BFF451B5AB63200BEEB01 /* MainWindowController.swift */ = {isa = PBXFileReference; fileEncoding = 4; lastKnownFileType = sourcecode.swift; path = MainWindowController.swift; sourceTree = "<group>"; };
		634BFF471B5AB68100BEEB01 /* MainWindowController.xib */ = {isa = PBXFileReference; fileEncoding = 4; lastKnownFileType = file.xib; path = MainWindowController.xib; sourceTree = "<group>"; };
/* End PBXFileReference section */

/* Begin PBXFrameworksBuildPhase section */
		634BFF321B5AB61400BEEB01 /* Frameworks */ = {
			isa = PBXFrameworksBuildPhase;
			buildActionMask = 2147483647;
			files = (
			);
			runOnlyForDeploymentPostprocessing = 0;
		};
/* End PBXFrameworksBuildPhase section */

/* Begin PBXGroup section */
		634BFF2C1B5AB61400BEEB01 = {
			isa = PBXGroup;
			children = (
				634BFF371B5AB61400BEEB01 /* RGBWell */,
				634BFF361B5AB61400BEEB01 /* Products */,
			);
			sourceTree = "<group>";
		};
		634BFF361B5AB61400BEEB01 /* Products */ = {
			isa = PBXGroup;
			children = (
				634BFF351B5AB61400BEEB01 /* 2.RGBWell.app */,
			);
			name = Products;
			sourceTree = "<group>";
		};
		634BFF371B5AB61400BEEB01 /* RGBWell */ = {
			isa = PBXGroup;
			children = (
				634BFF381B5AB61400BEEB01 /* AppDelegate.swift */,
				634BFF451B5AB63200BEEB01 /* MainWindowController.swift */,
				634BFF471B5AB68100BEEB01 /* MainWindowController.xib */,
				634BFF3A1B5AB61400BEEB01 /* Assets.xcassets */,
				634BFF3C1B5AB61400BEEB01 /* MainMenu.xib */,
				634BFF3F1B5AB61400BEEB01 /* Info.plist */,
			);
			path = RGBWell;
			sourceTree = "<group>";
		};
/* End PBXGroup section */

/* Begin PBXNativeTarget section */
		634BFF341B5AB61400BEEB01 /* 2.RGBWell */ = {
			isa = PBXNativeTarget;
			buildConfigurationList = 634BFF421B5AB61400BEEB01 /* Build configuration list for PBXNativeTarget "2.RGBWell" */;
			buildPhases = (
				634BFF311B5AB61400BEEB01 /* Sources */,
				634BFF321B5AB61400BEEB01 /* Frameworks */,
				634BFF331B5AB61400BEEB01 /* Resources */,
			);
			buildRules = (
			);
			dependencies = (
			);
			name = 2.RGBWell;
			productName = RGBWell;
			productReference = 634BFF351B5AB61400BEEB01 /* 2.RGBWell.app */;
			productType = "com.apple.product-type.application";
		};
/* End PBXNativeTarget section */

/* Begin PBXProject section */
		634BFF2D1B5AB61400BEEB01 /* Project object */ = {
			isa = PBXProject;
			attributes = {
				LastUpgradeCheck = 0700;
				ORGANIZATIONNAME = GWesley;
				TargetAttributes = {
					634BFF341B5AB61400BEEB01 = {
						CreatedOnToolsVersion = 7.0;
					};
				};
			};
			buildConfigurationList = 634BFF301B5AB61400BEEB01 /* Build configuration list for PBXProject "2.RGBWell" */;
			compatibilityVersion = "Xcode 3.2";
			developmentRegion = English;
			hasScannedForEncodings = 0;
			knownRegions = (
				en,
				Base,
			);
			mainGroup = 634BFF2C1B5AB61400BEEB01;
			productRefGroup = 634BFF361B5AB61400BEEB01 /* Products */;
			projectDirPath = "";
			projectRoot = "";
			targets = (
				634BFF341B5AB61400BEEB01 /* 2.RGBWell */,
			);
		};
/* End PBXProject section */

/* Begin PBXResourcesBuildPhase section */
		634BFF331B5AB61400BEEB01 /* Resources */ = {
			isa = PBXResourcesBuildPhase;
			buildActionMask = 2147483647;
			files = (
				634BFF3B1B5AB61400BEEB01 /* Assets.xcassets in Resources */,
				634BFF481B5AB68100BEEB01 /* MainWindowController.xib in Resources */,
				634BFF3E1B5AB61400BEEB01 /* MainMenu.xib in Resources */,
			);
			runOnlyForDeploymentPostprocessing = 0;
		};
/* End PBXResourcesBuildPhase section */

/* Begin PBXSourcesBuildPhase section */
		634BFF311B5AB61400BEEB01 /* Sources */ = {
			isa = PBXSourcesBuildPhase;
			buildActionMask = 2147483647;
			files = (
				634BFF461B5AB63200BEEB01 /* MainWindowController.swift in Sources */,
				634BFF391B5AB61400BEEB01 /* AppDelegate.swift in Sources */,
			);
			runOnlyForDeploymentPostprocessing = 0;
		};
/* End PBXSourcesBuildPhase section */

/* Begin PBXVariantGroup section */
		634BFF3C1B5AB61400BEEB01 /* MainMenu.xib */ = {
			isa = PBXVariantGroup;
			children = (
				634BFF3D1B5AB61400BEEB01 /* Base */,
			);
			name = MainMenu.xib;
			sourceTree = "<group>";
		};
/* End PBXVariantGroup section */

/* Begin XCBuildConfiguration section */
		634BFF401B5AB61400BEEB01 /* Debug */ = {
			isa = XCBuildConfiguration;
			buildSettings = {
				ALWAYS_SEARCH_USER_PATHS = NO;
				CLANG_CXX_LANGUAGE_STANDARD = "gnu++0x";
				CLANG_CXX_LIBRARY = "libc++";
				CLANG_ENABLE_MODULES = YES;
				CLANG_ENABLE_OBJC_ARC = YES;
				CLANG_WARN_BOOL_CONVERSION = YES;
				CLANG_WARN_CONSTANT_CONVERSION = YES;
				CLANG_WARN_DIRECT_OBJC_ISA_USAGE = YES_ERROR;
				CLANG_WARN_EMPTY_BODY = YES;
				CLANG_WARN_ENUM_CONVERSION = YES;
				CLANG_WARN_INT_CONVERSION = YES;
				CLANG_WARN_OBJC_ROOT_CLASS = YES_ERROR;
				CLANG_WARN_UNREACHABLE_CODE = YES;
				CLANG_WARN__DUPLICATE_METHOD_MATCH = YES;
				CODE_SIGN_IDENTITY = "-";
				COPY_PHASE_STRIP = NO;
				DEBUG_INFORMATION_FORMAT = dwarf;
				ENABLE_STRICT_OBJC_MSGSEND = YES;
				ENABLE_TESTABILITY = YES;
				GCC_C_LANGUAGE_STANDARD = gnu99;
				GCC_DYNAMIC_NO_PIC = NO;
				GCC_NO_COMMON_BLOCKS = YES;
				GCC_OPTIMIZATION_LEVEL = 0;
				GCC_PREPROCESSOR_DEFINITIONS = (
					"DEBUG=1",
					"$(inherited)",
				);
				GCC_WARN_64_TO_32_BIT_CONVERSION = YES;
				GCC_WARN_ABOUT_RETURN_TYPE = YES_ERROR;
				GCC_WARN_UNDECLARED_SELECTOR = YES;
				GCC_WARN_UNINITIALIZED_AUTOS = YES_AGGRESSIVE;
				GCC_WARN_UNUSED_FUNCTION = YES;
				GCC_WARN_UNUSED_VARIABLE = YES;
				MACOSX_DEPLOYMENT_TARGET = 10.10;
				MTL_ENABLE_DEBUG_INFO = YES;
				ONLY_ACTIVE_ARCH = YES;
				SDKROOT = macosx;
				SWIFT_OPTIMIZATION_LEVEL = "-Onone";
			};
			name = Debug;
		};
		634BFF411B5AB61400BEEB01 /* Release */ = {
			isa = XCBuildConfiguration;
			buildSettings = {
				ALWAYS_SEARCH_USER_PATHS = NO;
				CLANG_CXX_LANGUAGE_STANDARD = "gnu++0x";
				CLANG_CXX_LIBRARY = "libc++";
				CLANG_ENABLE_MODULES = YES;
				CLANG_ENABLE_OBJC_ARC = YES;
				CLANG_WARN_BOOL_CONVERSION = YES;
				CLANG_WARN_CONSTANT_CONVERSION = YES;
				CLANG_WARN_DIRECT_OBJC_ISA_USAGE = YES_ERROR;
				CLANG_WARN_EMPTY_BODY = YES;
				CLANG_WARN_ENUM_CONVERSION = YES;
				CLANG_WARN_INT_CONVERSION = YES;
				CLANG_WARN_OBJC_ROOT_CLASS = YES_ERROR;
				CLANG_WARN_UNREACHABLE_CODE = YES;
				CLANG_WARN__DUPLICATE_METHOD_MATCH = YES;
				CODE_SIGN_IDENTITY = "-";
				COPY_PHASE_STRIP = NO;
				DEBUG_INFORMATION_FORMAT = "dwarf-with-dsym";
				ENABLE_NS_ASSERTIONS = NO;
				ENABLE_STRICT_OBJC_MSGSEND = YES;
				GCC_C_LANGUAGE_STANDARD = gnu99;
				GCC_NO_COMMON_BLOCKS = YES;
				GCC_WARN_64_TO_32_BIT_CONVERSION = YES;
				GCC_WARN_ABOUT_RETURN_TYPE = YES_ERROR;
				GCC_WARN_UNDECLARED_SELECTOR = YES;
				GCC_WARN_UNINITIALIZED_AUTOS = YES_AGGRESSIVE;
				GCC_WARN_UNUSED_FUNCTION = YES;
				GCC_WARN_UNUSED_VARIABLE = YES;
				MACOSX_DEPLOYMENT_TARGET = 10.10;
				MTL_ENABLE_DEBUG_INFO = NO;
				SDKROOT = macosx;
			};
			name = Release;
		};
		634BFF431B5AB61400BEEB01 /* Debug */ = {
			isa = XCBuildConfiguration;
			buildSettings = {
				ASSETCATALOG_COMPILER_APPICON_NAME = AppIcon;
				COMBINE_HIDPI_IMAGES = YES;
				INFOPLIST_FILE = RGBWell/Info.plist;
				LD_RUNPATH_SEARCH_PATHS = "$(inherited) @executable_path/../Frameworks";
				PRODUCT_BUNDLE_IDENTIFIER = com.gwesley.RGBWell;
				PRODUCT_NAME = 2.RGBWell;
			};
			name = Debug;
		};
		634BFF441B5AB61400BEEB01 /* Release */ = {
			isa = XCBuildConfiguration;
			buildSettings = {
				ASSETCATALOG_COMPILER_APPICON_NAME = AppIcon;
				COMBINE_HIDPI_IMAGES = YES;
				INFOPLIST_FILE = RGBWell/Info.plist;
				LD_RUNPATH_SEARCH_PATHS = "$(inherited) @executable_path/../Frameworks";
				PRODUCT_BUNDLE_IDENTIFIER = com.gwesley.RGBWell;
				PRODUCT_NAME = 2.RGBWell;
			};
			name = Release;
		};
/* End XCBuildConfiguration section */

/* Begin XCConfigurationList section */
		634BFF301B5AB61400BEEB01 /* Build configuration list for PBXProject "2.RGBWell" */ = {
			isa = XCConfigurationList;
			buildConfigurations = (
				634BFF401B5AB61400BEEB01 /* Debug */,
				634BFF411B5AB61400BEEB01 /* Release */,
			);
			defaultConfigurationIsVisible = 0;
			defaultConfigurationName = Release;
		};
		634BFF421B5AB61400BEEB01 /* Build configuration list for PBXNativeTarget "2.RGBWell" */ = {
			isa = XCConfigurationList;
			buildConfigurations = (
				634BFF431B5AB61400BEEB01 /* Debug */,
				634BFF441B5AB61400BEEB01 /* Release */,
			);
			defaultConfigurationIsVisible = 0;
			defaultConfigurationName = Release;
		};
/* End XCConfigurationList section */
	};
	rootObject = 634BFF2D1B5AB61400BEEB01 /* Project object */;
}
